// !$*UTF8*$!
{
	archiveVersion = 1;
	classes = {
	};
	objectVersion = 50;
	objects = {

/* Begin PBXBuildFile section */
		7E31884DAC8B7FE30B3FA525 /* libPods-Axc Secretary.a in Frameworks */ = {isa = PBXBuildFile; fileRef = AE8817DBBF060476B1F8AC40 /* libPods-Axc Secretary.a */; };
		EA09EDF6219AA04500713AFB /* libsqlite3.0.tbd in Frameworks */ = {isa = PBXBuildFile; fileRef = EA09EDF5219AA04500713AFB /* libsqlite3.0.tbd */; };
		EA0B110C21A2554900340FEA /* AxcDBManager.m in Sources */ = {isa = PBXBuildFile; fileRef = EA0B110B21A2554900340FEA /* AxcDBManager.m */; };
		EA1E435021995A9500B95CF8 /* AxcBaseModel.m in Sources */ = {isa = PBXBuildFile; fileRef = EA1E434F21995A9500B95CF8 /* AxcBaseModel.m */; };
		EA1E435321995AA900B95CF8 /* TaskModel.m in Sources */ = {isa = PBXBuildFile; fileRef = EA1E435221995AA900B95CF8 /* TaskModel.m */; };
		EA1E435C21995AD300B95CF8 /* TaskCell.m in Sources */ = {isa = PBXBuildFile; fileRef = EA1E435A21995AD300B95CF8 /* TaskCell.m */; };
		EA1E435D21995AD300B95CF8 /* TaskCell.xib in Resources */ = {isa = PBXBuildFile; fileRef = EA1E435B21995AD300B95CF8 /* TaskCell.xib */; };
		EA2570C721A7912100FCF7EE /* ActivityVC.m in Sources */ = {isa = PBXBuildFile; fileRef = EA2570C621A7912100FCF7EE /* ActivityVC.m */; };
		EA2570D521A7D6B000FCF7EE /* AxcTemporarilyDataView.xib in Resources */ = {isa = PBXBuildFile; fileRef = EA2570D321A7D6B000FCF7EE /* AxcTemporarilyDataView.xib */; };
		EA2570D621A7D6B000FCF7EE /* AxcTemporarilyDataView.m in Sources */ = {isa = PBXBuildFile; fileRef = EA2570D421A7D6B000FCF7EE /* AxcTemporarilyDataView.m */; };
		EA2570DA21A7DD9200FCF7EE /* SettingModel.m in Sources */ = {isa = PBXBuildFile; fileRef = EA2570D921A7DD9200FCF7EE /* SettingModel.m */; };
		EA2570DF21A7DE0200FCF7EE /* SettingCell.m in Sources */ = {isa = PBXBuildFile; fileRef = EA2570DD21A7DE0200FCF7EE /* SettingCell.m */; };
		EA2570E021A7DE0200FCF7EE /* SettingCell.xib in Resources */ = {isa = PBXBuildFile; fileRef = EA2570DE21A7DE0200FCF7EE /* SettingCell.xib */; };
		EA2570E421A7ECD400FCF7EE /* AppDelegate+LLDebug_Ex.m in Sources */ = {isa = PBXBuildFile; fileRef = EA2570E321A7ECD400FCF7EE /* AppDelegate+LLDebug_Ex.m */; };
		EA2570E721A7F49900FCF7EE /* AddTaskVC.m in Sources */ = {isa = PBXBuildFile; fileRef = EA2570E621A7F49900FCF7EE /* AddTaskVC.m */; };
		EA444648219680A700D387DA /* UISearchBar+AxcTextFieldEx.m in Sources */ = {isa = PBXBuildFile; fileRef = EA444647219680A700D387DA /* UISearchBar+AxcTextFieldEx.m */; };
		EA5FEEAE21ABCCC500405C28 /* AppDelegate+SVProgressHUD_Ex.m in Sources */ = {isa = PBXBuildFile; fileRef = EA5FEEAD21ABCCC500405C28 /* AppDelegate+SVProgressHUD_Ex.m */; };
		EA5FEEB321ABDAA200405C28 /* AxcThemeManager.m in Sources */ = {isa = PBXBuildFile; fileRef = EA5FEEB221ABDAA200405C28 /* AxcThemeManager.m */; };
		EA5FEEB721ABDC5700405C28 /* AppDelegate+AxcThemeManager_Ex.m in Sources */ = {isa = PBXBuildFile; fileRef = EA5FEEB621ABDC5700405C28 /* AppDelegate+AxcThemeManager_Ex.m */; };
		EA5FEEBB21ABE3F600405C28 /* SwitchThemeVC.m in Sources */ = {isa = PBXBuildFile; fileRef = EA5FEEBA21ABE3F600405C28 /* SwitchThemeVC.m */; };
		EA5FEEBF21ABF58000405C28 /* AppDelegate+Axc3DTouch_Ex.m in Sources */ = {isa = PBXBuildFile; fileRef = EA5FEEBE21ABF58000405C28 /* AppDelegate+Axc3DTouch_Ex.m */; };
		EA8443CE2196B5740054BC20 /* UITableView+AxcEmptyData.m in Sources */ = {isa = PBXBuildFile; fileRef = EA8443CD2196B5740054BC20 /* UITableView+AxcEmptyData.m */; };
		EA8443D12196B57E0054BC20 /* UICollectionView+AxcEmptyData.m in Sources */ = {isa = PBXBuildFile; fileRef = EA8443D02196B57E0054BC20 /* UICollectionView+AxcEmptyData.m */; };
		EA891EB62186FB67008AFD21 /* AppDelegate.m in Sources */ = {isa = PBXBuildFile; fileRef = EA891EB52186FB67008AFD21 /* AppDelegate.m */; };
		EA891EB92186FB67008AFD21 /* ViewController.m in Sources */ = {isa = PBXBuildFile; fileRef = EA891EB82186FB67008AFD21 /* ViewController.m */; };
		EA891EBC2186FB67008AFD21 /* Main.storyboard in Resources */ = {isa = PBXBuildFile; fileRef = EA891EBA2186FB67008AFD21 /* Main.storyboard */; };
		EA891EC12186FB68008AFD21 /* LaunchScreen.storyboard in Resources */ = {isa = PBXBuildFile; fileRef = EA891EBF2186FB68008AFD21 /* LaunchScreen.storyboard */; };
		EA891EC42186FB68008AFD21 /* main.m in Sources */ = {isa = PBXBuildFile; fileRef = EA891EC32186FB68008AFD21 /* main.m */; };
		EA891ECE2186FB68008AFD21 /* Axc_SecretaryTests.m in Sources */ = {isa = PBXBuildFile; fileRef = EA891ECD2186FB68008AFD21 /* Axc_SecretaryTests.m */; };
		EA891ED92186FB68008AFD21 /* Axc_SecretaryUITests.m in Sources */ = {isa = PBXBuildFile; fileRef = EA891ED82186FB68008AFD21 /* Axc_SecretaryUITests.m */; };
		EAADC2CC2187F4250043BB9D /* AxcParameterObj.m in Sources */ = {isa = PBXBuildFile; fileRef = EAADC2482187F4250043BB9D /* AxcParameterObj.m */; };
		EAADC2CD2187F4250043BB9D /* AxcLanguageManagement.m in Sources */ = {isa = PBXBuildFile; fileRef = EAADC24C2187F4250043BB9D /* AxcLanguageManagement.m */; };
		EAADC2CE2187F4250043BB9D /* NSDictionary+AxcDataConversionEx.m in Sources */ = {isa = PBXBuildFile; fileRef = EAADC2532187F4250043BB9D /* NSDictionary+AxcDataConversionEx.m */; };
		EAADC2CF2187F4250043BB9D /* NSDate+AxcDateArithmeticEx.m in Sources */ = {isa = PBXBuildFile; fileRef = EAADC2572187F4250043BB9D /* NSDate+AxcDateArithmeticEx.m */; };
		EAADC2D02187F4250043BB9D /* NSDate+AxcProcessingEx.m in Sources */ = {isa = PBXBuildFile; fileRef = EAADC25A2187F4250043BB9D /* NSDate+AxcProcessingEx.m */; };
		EAADC2D12187F4250043BB9D /* NSMutableArray+AxcOperationEx.m in Sources */ = {isa = PBXBuildFile; fileRef = EAADC25C2187F4250043BB9D /* NSMutableArray+AxcOperationEx.m */; };
		EAADC2D22187F4250043BB9D /* NSObject+AxcBasicSuitIndexPath.m in Sources */ = {isa = PBXBuildFile; fileRef = EAADC2612187F4250043BB9D /* NSObject+AxcBasicSuitIndexPath.m */; };
		EAADC2D32187F4250043BB9D /* NSObject+AxcBasicSuitObjectEx.m in Sources */ = {isa = PBXBuildFile; fileRef = EAADC2632187F4250043BB9D /* NSObject+AxcBasicSuitObjectEx.m */; };
		EAADC2D42187F4250043BB9D /* NSString+AxcUrlEncode.m in Sources */ = {isa = PBXBuildFile; fileRef = EAADC2672187F4250043BB9D /* NSString+AxcUrlEncode.m */; };
		EAADC2D52187F4250043BB9D /* NSString+AxcStringIsReasonable.m in Sources */ = {isa = PBXBuildFile; fileRef = EAADC26B2187F4250043BB9D /* NSString+AxcStringIsReasonable.m */; };
		EAADC2D62187F4250043BB9D /* NSString+AxcTextCalculation.m in Sources */ = {isa = PBXBuildFile; fileRef = EAADC26D2187F4250043BB9D /* NSString+AxcTextCalculation.m */; };
		EAADC2D72187F4250043BB9D /* NSString+Axc_MD5_Ex.m in Sources */ = {isa = PBXBuildFile; fileRef = EAADC2702187F4250043BB9D /* NSString+Axc_MD5_Ex.m */; };
		EAADC2D82187F4250043BB9D /* NSString+AxcRegularEx.m in Sources */ = {isa = PBXBuildFile; fileRef = EAADC2732187F4250043BB9D /* NSString+AxcRegularEx.m */; };
		EAADC2D92187F4250043BB9D /* NSString+AxcReplaceRichText.m in Sources */ = {isa = PBXBuildFile; fileRef = EAADC2762187F4250043BB9D /* NSString+AxcReplaceRichText.m */; };
		EAADC2DA2187F4250043BB9D /* NSString+AxcEnumerate.m in Sources */ = {isa = PBXBuildFile; fileRef = EAADC27A2187F4250043BB9D /* NSString+AxcEnumerate.m */; };
		EAADC2DB2187F4250043BB9D /* NSString+AxcDataConversionEx.m in Sources */ = {isa = PBXBuildFile; fileRef = EAADC27D2187F4250043BB9D /* NSString+AxcDataConversionEx.m */; };
		EAADC2DC2187F4250043BB9D /* NSData+AxcDataConversionEx.m in Sources */ = {isa = PBXBuildFile; fileRef = EAADC2812187F4250043BB9D /* NSData+AxcDataConversionEx.m */; };
		EAADC2DD2187F4250043BB9D /* NSArray+AxcDataConversionEx.m in Sources */ = {isa = PBXBuildFile; fileRef = EAADC2852187F4250043BB9D /* NSArray+AxcDataConversionEx.m */; };
		EAADC2DE2187F4250043BB9D /* UITextField+AxcPlaceholderLabelEx.m in Sources */ = {isa = PBXBuildFile; fileRef = EAADC2892187F4250043BB9D /* UITextField+AxcPlaceholderLabelEx.m */; };
		EAADC2DF2187F4250043BB9D /* UIColor+AxcColorEx.m in Sources */ = {isa = PBXBuildFile; fileRef = EAADC28B2187F4250043BB9D /* UIColor+AxcColorEx.m */; };
		EAADC2E02187F4250043BB9D /* UIButton+AxcButtonContentLayout.m in Sources */ = {isa = PBXBuildFile; fileRef = EAADC2902187F4250043BB9D /* UIButton+AxcButtonContentLayout.m */; };
		EAADC2E12187F4250043BB9D /* UIButton+AxcButtonCountDown.m in Sources */ = {isa = PBXBuildFile; fileRef = EAADC2932187F4250043BB9D /* UIButton+AxcButtonCountDown.m */; };
		EAADC2E22187F4250043BB9D /* UIView+AxcGetSuperVC.m in Sources */ = {isa = PBXBuildFile; fileRef = EAADC2972187F4250043BB9D /* UIView+AxcGetSuperVC.m */; };
		EAADC2E32187F4250043BB9D /* UIView+AxcViewRectEx.m in Sources */ = {isa = PBXBuildFile; fileRef = EAADC29A2187F4250043BB9D /* UIView+AxcViewRectEx.m */; };
		EAADC2E42187F4250043BB9D /* UIView+AxcScreenshotsViewEx.m in Sources */ = {isa = PBXBuildFile; fileRef = EAADC29D2187F4250043BB9D /* UIView+AxcScreenshotsViewEx.m */; };
		EAADC2E52187F4250043BB9D /* UIView+AxcViewAppearanceEx.m in Sources */ = {isa = PBXBuildFile; fileRef = EAADC29F2187F4250043BB9D /* UIView+AxcViewAppearanceEx.m */; };
		EAADC2E62187F4250043BB9D /* UIViewController+AxcVCPushName.m in Sources */ = {isa = PBXBuildFile; fileRef = EAADC2A42187F4250043BB9D /* UIViewController+AxcVCPushName.m */; };
		EAADC2E72187F4250043BB9D /* UIViewController+AxcVCBackButtonEvent.m in Sources */ = {isa = PBXBuildFile; fileRef = EAADC2A62187F4250043BB9D /* UIViewController+AxcVCBackButtonEvent.m */; };
		EAADC2E82187F4250043BB9D /* UIGestureRecognizer+AxcActionBlockEx.m in Sources */ = {isa = PBXBuildFile; fileRef = EAADC2A92187F4250043BB9D /* UIGestureRecognizer+AxcActionBlockEx.m */; };
		EAADC2E92187F4250043BB9D /* UILabel+AxcCopyable.m in Sources */ = {isa = PBXBuildFile; fileRef = EAADC2AC2187F4250043BB9D /* UILabel+AxcCopyable.m */; };
		EAADC2EA2187F4250043BB9D /* UIImage+AxcImageRotating.m in Sources */ = {isa = PBXBuildFile; fileRef = EAADC2B12187F4250043BB9D /* UIImage+AxcImageRotating.m */; };
		EAADC2EB2187F4250043BB9D /* UIImage+AxcQRCode.m in Sources */ = {isa = PBXBuildFile; fileRef = EAADC2B42187F4250043BB9D /* UIImage+AxcQRCode.m */; };
		EAADC2EC2187F4250043BB9D /* UIImage+AxcTransfromZoom.m in Sources */ = {isa = PBXBuildFile; fileRef = EAADC2B72187F4250043BB9D /* UIImage+AxcTransfromZoom.m */; };
		EAADC2ED2187F4250043BB9D /* UIImage+AxcSpecialEffectsDrawing.m in Sources */ = {isa = PBXBuildFile; fileRef = EAADC2B92187F4250043BB9D /* UIImage+AxcSpecialEffectsDrawing.m */; };
		EAADC2EE2187F4250043BB9D /* AxcCalculateTool.m in Sources */ = {isa = PBXBuildFile; fileRef = EAADC2BD2187F4250043BB9D /* AxcCalculateTool.m */; };
		EAADC2EF2187F4250043BB9D /* AxcTouchManager.m in Sources */ = {isa = PBXBuildFile; fileRef = EAADC2C02187F4250043BB9D /* AxcTouchManager.m */; };
		EAADC2F02187F4250043BB9D /* AxcDataCache.m in Sources */ = {isa = PBXBuildFile; fileRef = EAADC2C32187F4250043BB9D /* AxcDataCache.m */; };
		EAADC2F12187F4250043BB9D /* AxcBaseVC.m in Sources */ = {isa = PBXBuildFile; fileRef = EAADC2C82187F4250043BB9D /* AxcBaseVC.m */; };
		EAADC2F52187F4490043BB9D /* AxcBaseAppVC.m in Sources */ = {isa = PBXBuildFile; fileRef = EAADC2F42187F4490043BB9D /* AxcBaseAppVC.m */; };
		EAADC2F92187F4C40043BB9D /* BaseTabbarVC.m in Sources */ = {isa = PBXBuildFile; fileRef = EAADC2F82187F4C40043BB9D /* BaseTabbarVC.m */; };
		EAC1FDE0218840A8001AC774 /* MyTaskVC.m in Sources */ = {isa = PBXBuildFile; fileRef = EAC1FDDF218840A8001AC774 /* MyTaskVC.m */; };
		EAC1FDE3218840D3001AC774 /* MyItemsVC.m in Sources */ = {isa = PBXBuildFile; fileRef = EAC1FDE2218840D3001AC774 /* MyItemsVC.m */; };
		EAC1FDE6218840E5001AC774 /* TrendChartVC.m in Sources */ = {isa = PBXBuildFile; fileRef = EAC1FDE5218840E5001AC774 /* TrendChartVC.m */; };
		EAC1FDE9218840F7001AC774 /* AlbumSafeVC.m in Sources */ = {isa = PBXBuildFile; fileRef = EAC1FDE8218840F7001AC774 /* AlbumSafeVC.m */; };
		EAC1FDED21884238001AC774 /* AxcNavVC.m in Sources */ = {isa = PBXBuildFile; fileRef = EAC1FDEC21884238001AC774 /* AxcNavVC.m */; };
		EAC1FDEF21884C82001AC774 /* Assets.xcassets in Resources */ = {isa = PBXBuildFile; fileRef = EAC1FDEE21884C82001AC774 /* Assets.xcassets */; };
		EAC1FDF221884D13001AC774 /* SettingVC.m in Sources */ = {isa = PBXBuildFile; fileRef = EAC1FDF121884D13001AC774 /* SettingVC.m */; };
		EAC1FDF421885877001AC774 /* icon.png in Resources */ = {isa = PBXBuildFile; fileRef = EAC1FDF321885877001AC774 /* icon.png */; };
		EAF898BD21A55D3D00FE54B6 /* SVProgressHUD+DGActivityIndicatorView.m in Sources */ = {isa = PBXBuildFile; fileRef = EAF898BB21A55D3D00FE54B6 /* SVProgressHUD+DGActivityIndicatorView.m */; };
/* End PBXBuildFile section */

/* Begin PBXContainerItemProxy section */
		EA891ECA2186FB68008AFD21 /* PBXContainerItemProxy */ = {
			isa = PBXContainerItemProxy;
			containerPortal = EA891EA92186FB67008AFD21 /* Project object */;
			proxyType = 1;
			remoteGlobalIDString = EA891EB02186FB67008AFD21;
			remoteInfo = "Axc Secretary";
		};
		EA891ED52186FB68008AFD21 /* PBXContainerItemProxy */ = {
			isa = PBXContainerItemProxy;
			containerPortal = EA891EA92186FB67008AFD21 /* Project object */;
			proxyType = 1;
			remoteGlobalIDString = EA891EB02186FB67008AFD21;
			remoteInfo = "Axc Secretary";
		};
/* End PBXContainerItemProxy section */

/* Begin PBXFileReference section */
		7FB384BC73673694CC99A1B5 /* Pods-Axc Secretary.debug.xcconfig */ = {isa = PBXFileReference; includeInIndex = 1; lastKnownFileType = text.xcconfig; name = "Pods-Axc Secretary.debug.xcconfig"; path = "Pods/Target Support Files/Pods-Axc Secretary/Pods-Axc Secretary.debug.xcconfig"; sourceTree = "<group>"; };
		AE8817DBBF060476B1F8AC40 /* libPods-Axc Secretary.a */ = {isa = PBXFileReference; explicitFileType = archive.ar; includeInIndex = 0; path = "libPods-Axc Secretary.a"; sourceTree = BUILT_PRODUCTS_DIR; };
		EA09EDF5219AA04500713AFB /* libsqlite3.0.tbd */ = {isa = PBXFileReference; lastKnownFileType = "sourcecode.text-based-dylib-definition"; name = libsqlite3.0.tbd; path = usr/lib/libsqlite3.0.tbd; sourceTree = SDKROOT; };
		EA0B110A21A2554900340FEA /* AxcDBManager.h */ = {isa = PBXFileReference; lastKnownFileType = sourcecode.c.h; path = AxcDBManager.h; sourceTree = "<group>"; };
		EA0B110B21A2554900340FEA /* AxcDBManager.m */ = {isa = PBXFileReference; lastKnownFileType = sourcecode.c.objc; path = AxcDBManager.m; sourceTree = "<group>"; };
		EA1E434E21995A9500B95CF8 /* AxcBaseModel.h */ = {isa = PBXFileReference; fileEncoding = 4; lastKnownFileType = sourcecode.c.h; path = AxcBaseModel.h; sourceTree = "<group>"; };
		EA1E434F21995A9500B95CF8 /* AxcBaseModel.m */ = {isa = PBXFileReference; fileEncoding = 4; lastKnownFileType = sourcecode.c.objc; path = AxcBaseModel.m; sourceTree = "<group>"; };
		EA1E435121995AA900B95CF8 /* TaskModel.h */ = {isa = PBXFileReference; lastKnownFileType = sourcecode.c.h; path = TaskModel.h; sourceTree = "<group>"; };
		EA1E435221995AA900B95CF8 /* TaskModel.m */ = {isa = PBXFileReference; lastKnownFileType = sourcecode.c.objc; path = TaskModel.m; sourceTree = "<group>"; };
		EA1E435921995AD300B95CF8 /* TaskCell.h */ = {isa = PBXFileReference; lastKnownFileType = sourcecode.c.h; path = TaskCell.h; sourceTree = "<group>"; };
		EA1E435A21995AD300B95CF8 /* TaskCell.m */ = {isa = PBXFileReference; lastKnownFileType = sourcecode.c.objc; path = TaskCell.m; sourceTree = "<group>"; };
		EA1E435B21995AD300B95CF8 /* TaskCell.xib */ = {isa = PBXFileReference; lastKnownFileType = file.xib; path = TaskCell.xib; sourceTree = "<group>"; };
		EA1E435E219964DA00B95CF8 /* DefineHeader.h */ = {isa = PBXFileReference; fileEncoding = 4; lastKnownFileType = sourcecode.c.h; path = DefineHeader.h; sourceTree = "<group>"; };
		EA2570C521A7912100FCF7EE /* ActivityVC.h */ = {isa = PBXFileReference; lastKnownFileType = sourcecode.c.h; path = ActivityVC.h; sourceTree = "<group>"; };
		EA2570C621A7912100FCF7EE /* ActivityVC.m */ = {isa = PBXFileReference; lastKnownFileType = sourcecode.c.objc; path = ActivityVC.m; sourceTree = "<group>"; };
		EA2570D221A7D6B000FCF7EE /* AxcTemporarilyDataView.h */ = {isa = PBXFileReference; fileEncoding = 4; lastKnownFileType = sourcecode.c.h; path = AxcTemporarilyDataView.h; sourceTree = "<group>"; };
		EA2570D321A7D6B000FCF7EE /* AxcTemporarilyDataView.xib */ = {isa = PBXFileReference; fileEncoding = 4; lastKnownFileType = file.xib; path = AxcTemporarilyDataView.xib; sourceTree = "<group>"; };
		EA2570D421A7D6B000FCF7EE /* AxcTemporarilyDataView.m */ = {isa = PBXFileReference; fileEncoding = 4; lastKnownFileType = sourcecode.c.objc; path = AxcTemporarilyDataView.m; sourceTree = "<group>"; };
		EA2570D821A7DD9200FCF7EE /* SettingModel.h */ = {isa = PBXFileReference; lastKnownFileType = sourcecode.c.h; path = SettingModel.h; sourceTree = "<group>"; };
		EA2570D921A7DD9200FCF7EE /* SettingModel.m */ = {isa = PBXFileReference; lastKnownFileType = sourcecode.c.objc; path = SettingModel.m; sourceTree = "<group>"; };
		EA2570DC21A7DE0200FCF7EE /* SettingCell.h */ = {isa = PBXFileReference; lastKnownFileType = sourcecode.c.h; path = SettingCell.h; sourceTree = "<group>"; };
		EA2570DD21A7DE0200FCF7EE /* SettingCell.m */ = {isa = PBXFileReference; lastKnownFileType = sourcecode.c.objc; path = SettingCell.m; sourceTree = "<group>"; };
		EA2570DE21A7DE0200FCF7EE /* SettingCell.xib */ = {isa = PBXFileReference; lastKnownFileType = file.xib; path = SettingCell.xib; sourceTree = "<group>"; };
		EA2570E221A7ECD400FCF7EE /* AppDelegate+LLDebug_Ex.h */ = {isa = PBXFileReference; lastKnownFileType = sourcecode.c.h; path = "AppDelegate+LLDebug_Ex.h"; sourceTree = "<group>"; };
		EA2570E321A7ECD400FCF7EE /* AppDelegate+LLDebug_Ex.m */ = {isa = PBXFileReference; lastKnownFileType = sourcecode.c.objc; path = "AppDelegate+LLDebug_Ex.m"; sourceTree = "<group>"; };
		EA2570E521A7F49900FCF7EE /* AddTaskVC.h */ = {isa = PBXFileReference; lastKnownFileType = sourcecode.c.h; path = AddTaskVC.h; sourceTree = "<group>"; };
		EA2570E621A7F49900FCF7EE /* AddTaskVC.m */ = {isa = PBXFileReference; lastKnownFileType = sourcecode.c.objc; path = AddTaskVC.m; sourceTree = "<group>"; };
		EA444646219680A700D387DA /* UISearchBar+AxcTextFieldEx.h */ = {isa = PBXFileReference; lastKnownFileType = sourcecode.c.h; path = "UISearchBar+AxcTextFieldEx.h"; sourceTree = "<group>"; };
		EA444647219680A700D387DA /* UISearchBar+AxcTextFieldEx.m */ = {isa = PBXFileReference; lastKnownFileType = sourcecode.c.objc; path = "UISearchBar+AxcTextFieldEx.m"; sourceTree = "<group>"; };
		EA5FEEAC21ABCCC500405C28 /* AppDelegate+SVProgressHUD_Ex.h */ = {isa = PBXFileReference; lastKnownFileType = sourcecode.c.h; path = "AppDelegate+SVProgressHUD_Ex.h"; sourceTree = "<group>"; };
		EA5FEEAD21ABCCC500405C28 /* AppDelegate+SVProgressHUD_Ex.m */ = {isa = PBXFileReference; lastKnownFileType = sourcecode.c.objc; path = "AppDelegate+SVProgressHUD_Ex.m"; sourceTree = "<group>"; };
		EA5FEEB121ABDAA200405C28 /* AxcThemeManager.h */ = {isa = PBXFileReference; lastKnownFileType = sourcecode.c.h; path = AxcThemeManager.h; sourceTree = "<group>"; };
		EA5FEEB221ABDAA200405C28 /* AxcThemeManager.m */ = {isa = PBXFileReference; lastKnownFileType = sourcecode.c.objc; path = AxcThemeManager.m; sourceTree = "<group>"; };
		EA5FEEB521ABDC5700405C28 /* AppDelegate+AxcThemeManager_Ex.h */ = {isa = PBXFileReference; lastKnownFileType = sourcecode.c.h; path = "AppDelegate+AxcThemeManager_Ex.h"; sourceTree = "<group>"; };
		EA5FEEB621ABDC5700405C28 /* AppDelegate+AxcThemeManager_Ex.m */ = {isa = PBXFileReference; lastKnownFileType = sourcecode.c.objc; path = "AppDelegate+AxcThemeManager_Ex.m"; sourceTree = "<group>"; };
		EA5FEEB921ABE3F600405C28 /* SwitchThemeVC.h */ = {isa = PBXFileReference; lastKnownFileType = sourcecode.c.h; path = SwitchThemeVC.h; sourceTree = "<group>"; };
		EA5FEEBA21ABE3F600405C28 /* SwitchThemeVC.m */ = {isa = PBXFileReference; lastKnownFileType = sourcecode.c.objc; path = SwitchThemeVC.m; sourceTree = "<group>"; };
		EA5FEEBD21ABF58000405C28 /* AppDelegate+Axc3DTouch_Ex.h */ = {isa = PBXFileReference; lastKnownFileType = sourcecode.c.h; path = "AppDelegate+Axc3DTouch_Ex.h"; sourceTree = "<group>"; };
		EA5FEEBE21ABF58000405C28 /* AppDelegate+Axc3DTouch_Ex.m */ = {isa = PBXFileReference; lastKnownFileType = sourcecode.c.objc; path = "AppDelegate+Axc3DTouch_Ex.m"; sourceTree = "<group>"; };
		EA8443CC2196B5740054BC20 /* UITableView+AxcEmptyData.h */ = {isa = PBXFileReference; fileEncoding = 4; lastKnownFileType = sourcecode.c.h; path = "UITableView+AxcEmptyData.h"; sourceTree = "<group>"; };
		EA8443CD2196B5740054BC20 /* UITableView+AxcEmptyData.m */ = {isa = PBXFileReference; fileEncoding = 4; lastKnownFileType = sourcecode.c.objc; path = "UITableView+AxcEmptyData.m"; sourceTree = "<group>"; };
		EA8443CF2196B57D0054BC20 /* UICollectionView+AxcEmptyData.h */ = {isa = PBXFileReference; fileEncoding = 4; lastKnownFileType = sourcecode.c.h; path = "UICollectionView+AxcEmptyData.h"; sourceTree = "<group>"; };
		EA8443D02196B57E0054BC20 /* UICollectionView+AxcEmptyData.m */ = {isa = PBXFileReference; fileEncoding = 4; lastKnownFileType = sourcecode.c.objc; path = "UICollectionView+AxcEmptyData.m"; sourceTree = "<group>"; };
		EA891EB12186FB67008AFD21 /* Axc Secretary.app */ = {isa = PBXFileReference; explicitFileType = wrapper.application; includeInIndex = 0; path = "Axc Secretary.app"; sourceTree = BUILT_PRODUCTS_DIR; };
		EA891EB42186FB67008AFD21 /* AppDelegate.h */ = {isa = PBXFileReference; lastKnownFileType = sourcecode.c.h; path = AppDelegate.h; sourceTree = "<group>"; };
		EA891EB52186FB67008AFD21 /* AppDelegate.m */ = {isa = PBXFileReference; lastKnownFileType = sourcecode.c.objc; path = AppDelegate.m; sourceTree = "<group>"; };
		EA891EB72186FB67008AFD21 /* ViewController.h */ = {isa = PBXFileReference; lastKnownFileType = sourcecode.c.h; path = ViewController.h; sourceTree = "<group>"; };
		EA891EB82186FB67008AFD21 /* ViewController.m */ = {isa = PBXFileReference; lastKnownFileType = sourcecode.c.objc; path = ViewController.m; sourceTree = "<group>"; };
		EA891EBB2186FB67008AFD21 /* Base */ = {isa = PBXFileReference; lastKnownFileType = file.storyboard; name = Base; path = Base.lproj/Main.storyboard; sourceTree = "<group>"; };
		EA891EC02186FB68008AFD21 /* Base */ = {isa = PBXFileReference; lastKnownFileType = file.storyboard; name = Base; path = Base.lproj/LaunchScreen.storyboard; sourceTree = "<group>"; };
		EA891EC22186FB68008AFD21 /* Info.plist */ = {isa = PBXFileReference; lastKnownFileType = text.plist.xml; path = Info.plist; sourceTree = "<group>"; };
		EA891EC32186FB68008AFD21 /* main.m */ = {isa = PBXFileReference; lastKnownFileType = sourcecode.c.objc; path = main.m; sourceTree = "<group>"; };
		EA891EC92186FB68008AFD21 /* Axc SecretaryTests.xctest */ = {isa = PBXFileReference; explicitFileType = wrapper.cfbundle; includeInIndex = 0; path = "Axc SecretaryTests.xctest"; sourceTree = BUILT_PRODUCTS_DIR; };
		EA891ECD2186FB68008AFD21 /* Axc_SecretaryTests.m */ = {isa = PBXFileReference; lastKnownFileType = sourcecode.c.objc; path = Axc_SecretaryTests.m; sourceTree = "<group>"; };
		EA891ECF2186FB68008AFD21 /* Info.plist */ = {isa = PBXFileReference; lastKnownFileType = text.plist.xml; path = Info.plist; sourceTree = "<group>"; };
		EA891ED42186FB68008AFD21 /* Axc SecretaryUITests.xctest */ = {isa = PBXFileReference; explicitFileType = wrapper.cfbundle; includeInIndex = 0; path = "Axc SecretaryUITests.xctest"; sourceTree = BUILT_PRODUCTS_DIR; };
		EA891ED82186FB68008AFD21 /* Axc_SecretaryUITests.m */ = {isa = PBXFileReference; lastKnownFileType = sourcecode.c.objc; path = Axc_SecretaryUITests.m; sourceTree = "<group>"; };
		EA891EDA2186FB68008AFD21 /* Info.plist */ = {isa = PBXFileReference; lastKnownFileType = text.plist.xml; path = Info.plist; sourceTree = "<group>"; };
		EAADC2472187F4250043BB9D /* AxcParameterObj.h */ = {isa = PBXFileReference; fileEncoding = 4; lastKnownFileType = sourcecode.c.h; path = AxcParameterObj.h; sourceTree = "<group>"; };
		EAADC2482187F4250043BB9D /* AxcParameterObj.m */ = {isa = PBXFileReference; fileEncoding = 4; lastKnownFileType = sourcecode.c.objc; path = AxcParameterObj.m; sourceTree = "<group>"; };
		EAADC24C2187F4250043BB9D /* AxcLanguageManagement.m */ = {isa = PBXFileReference; fileEncoding = 4; lastKnownFileType = sourcecode.c.objc; path = AxcLanguageManagement.m; sourceTree = "<group>"; };
		EAADC24D2187F4250043BB9D /* AxcLanguageManagement.h */ = {isa = PBXFileReference; fileEncoding = 4; lastKnownFileType = sourcecode.c.h; path = AxcLanguageManagement.h; sourceTree = "<group>"; };
		EAADC2522187F4250043BB9D /* NSDictionary+AxcDataConversionEx.h */ = {isa = PBXFileReference; fileEncoding = 4; lastKnownFileType = sourcecode.c.h; path = "NSDictionary+AxcDataConversionEx.h"; sourceTree = "<group>"; };
		EAADC2532187F4250043BB9D /* NSDictionary+AxcDataConversionEx.m */ = {isa = PBXFileReference; fileEncoding = 4; lastKnownFileType = sourcecode.c.objc; path = "NSDictionary+AxcDataConversionEx.m"; sourceTree = "<group>"; };
		EAADC2562187F4250043BB9D /* NSDate+AxcDateArithmeticEx.h */ = {isa = PBXFileReference; fileEncoding = 4; lastKnownFileType = sourcecode.c.h; path = "NSDate+AxcDateArithmeticEx.h"; sourceTree = "<group>"; };
		EAADC2572187F4250043BB9D /* NSDate+AxcDateArithmeticEx.m */ = {isa = PBXFileReference; fileEncoding = 4; lastKnownFileType = sourcecode.c.objc; path = "NSDate+AxcDateArithmeticEx.m"; sourceTree = "<group>"; };
		EAADC2592187F4250043BB9D /* NSDate+AxcProcessingEx.h */ = {isa = PBXFileReference; fileEncoding = 4; lastKnownFileType = sourcecode.c.h; path = "NSDate+AxcProcessingEx.h"; sourceTree = "<group>"; };
		EAADC25A2187F4250043BB9D /* NSDate+AxcProcessingEx.m */ = {isa = PBXFileReference; fileEncoding = 4; lastKnownFileType = sourcecode.c.objc; path = "NSDate+AxcProcessingEx.m"; sourceTree = "<group>"; };
		EAADC25C2187F4250043BB9D /* NSMutableArray+AxcOperationEx.m */ = {isa = PBXFileReference; fileEncoding = 4; lastKnownFileType = sourcecode.c.objc; path = "NSMutableArray+AxcOperationEx.m"; sourceTree = "<group>"; };
		EAADC25D2187F4250043BB9D /* NSMutableArray+AxcOperationEx.h */ = {isa = PBXFileReference; fileEncoding = 4; lastKnownFileType = sourcecode.c.h; path = "NSMutableArray+AxcOperationEx.h"; sourceTree = "<group>"; };
		EAADC2602187F4250043BB9D /* NSObject+AxcBasicSuitIndexPath.h */ = {isa = PBXFileReference; fileEncoding = 4; lastKnownFileType = sourcecode.c.h; path = "NSObject+AxcBasicSuitIndexPath.h"; sourceTree = "<group>"; };
		EAADC2612187F4250043BB9D /* NSObject+AxcBasicSuitIndexPath.m */ = {isa = PBXFileReference; fileEncoding = 4; lastKnownFileType = sourcecode.c.objc; path = "NSObject+AxcBasicSuitIndexPath.m"; sourceTree = "<group>"; };
		EAADC2632187F4250043BB9D /* NSObject+AxcBasicSuitObjectEx.m */ = {isa = PBXFileReference; fileEncoding = 4; lastKnownFileType = sourcecode.c.objc; path = "NSObject+AxcBasicSuitObjectEx.m"; sourceTree = "<group>"; };
		EAADC2642187F4250043BB9D /* NSObject+AxcBasicSuitObjectEx.h */ = {isa = PBXFileReference; fileEncoding = 4; lastKnownFileType = sourcecode.c.h; path = "NSObject+AxcBasicSuitObjectEx.h"; sourceTree = "<group>"; };
		EAADC2672187F4250043BB9D /* NSString+AxcUrlEncode.m */ = {isa = PBXFileReference; fileEncoding = 4; lastKnownFileType = sourcecode.c.objc; path = "NSString+AxcUrlEncode.m"; sourceTree = "<group>"; };
		EAADC2682187F4250043BB9D /* NSString+AxcUrlEncode.h */ = {isa = PBXFileReference; fileEncoding = 4; lastKnownFileType = sourcecode.c.h; path = "NSString+AxcUrlEncode.h"; sourceTree = "<group>"; };
		EAADC26A2187F4250043BB9D /* NSString+AxcStringIsReasonable.h */ = {isa = PBXFileReference; fileEncoding = 4; lastKnownFileType = sourcecode.c.h; path = "NSString+AxcStringIsReasonable.h"; sourceTree = "<group>"; };
		EAADC26B2187F4250043BB9D /* NSString+AxcStringIsReasonable.m */ = {isa = PBXFileReference; fileEncoding = 4; lastKnownFileType = sourcecode.c.objc; path = "NSString+AxcStringIsReasonable.m"; sourceTree = "<group>"; };
		EAADC26D2187F4250043BB9D /* NSString+AxcTextCalculation.m */ = {isa = PBXFileReference; fileEncoding = 4; lastKnownFileType = sourcecode.c.objc; path = "NSString+AxcTextCalculation.m"; sourceTree = "<group>"; };
		EAADC26E2187F4250043BB9D /* NSString+AxcTextCalculation.h */ = {isa = PBXFileReference; fileEncoding = 4; lastKnownFileType = sourcecode.c.h; path = "NSString+AxcTextCalculation.h"; sourceTree = "<group>"; };
		EAADC2702187F4250043BB9D /* NSString+Axc_MD5_Ex.m */ = {isa = PBXFileReference; fileEncoding = 4; lastKnownFileType = sourcecode.c.objc; path = "NSString+Axc_MD5_Ex.m"; sourceTree = "<group>"; };
		EAADC2712187F4250043BB9D /* NSString+Axc_MD5_Ex.h */ = {isa = PBXFileReference; fileEncoding = 4; lastKnownFileType = sourcecode.c.h; path = "NSString+Axc_MD5_Ex.h"; sourceTree = "<group>"; };
		EAADC2732187F4250043BB9D /* NSString+AxcRegularEx.m */ = {isa = PBXFileReference; fileEncoding = 4; lastKnownFileType = sourcecode.c.objc; path = "NSString+AxcRegularEx.m"; sourceTree = "<group>"; };
		EAADC2742187F4250043BB9D /* NSString+AxcRegularEx.h */ = {isa = PBXFileReference; fileEncoding = 4; lastKnownFileType = sourcecode.c.h; path = "NSString+AxcRegularEx.h"; sourceTree = "<group>"; };
		EAADC2762187F4250043BB9D /* NSString+AxcReplaceRichText.m */ = {isa = PBXFileReference; fileEncoding = 4; lastKnownFileType = sourcecode.c.objc; path = "NSString+AxcReplaceRichText.m"; sourceTree = "<group>"; };
		EAADC2772187F4250043BB9D /* NSString+AxcReplaceRichText.h */ = {isa = PBXFileReference; fileEncoding = 4; lastKnownFileType = sourcecode.c.h; path = "NSString+AxcReplaceRichText.h"; sourceTree = "<group>"; };
		EAADC2792187F4250043BB9D /* NSString+AxcEnumerate.h */ = {isa = PBXFileReference; fileEncoding = 4; lastKnownFileType = sourcecode.c.h; path = "NSString+AxcEnumerate.h"; sourceTree = "<group>"; };
		EAADC27A2187F4250043BB9D /* NSString+AxcEnumerate.m */ = {isa = PBXFileReference; fileEncoding = 4; lastKnownFileType = sourcecode.c.objc; path = "NSString+AxcEnumerate.m"; sourceTree = "<group>"; };
		EAADC27C2187F4250043BB9D /* NSString+AxcDataConversionEx.h */ = {isa = PBXFileReference; fileEncoding = 4; lastKnownFileType = sourcecode.c.h; path = "NSString+AxcDataConversionEx.h"; sourceTree = "<group>"; };
		EAADC27D2187F4250043BB9D /* NSString+AxcDataConversionEx.m */ = {isa = PBXFileReference; fileEncoding = 4; lastKnownFileType = sourcecode.c.objc; path = "NSString+AxcDataConversionEx.m"; sourceTree = "<group>"; };
		EAADC2802187F4250043BB9D /* NSData+AxcDataConversionEx.h */ = {isa = PBXFileReference; fileEncoding = 4; lastKnownFileType = sourcecode.c.h; path = "NSData+AxcDataConversionEx.h"; sourceTree = "<group>"; };
		EAADC2812187F4250043BB9D /* NSData+AxcDataConversionEx.m */ = {isa = PBXFileReference; fileEncoding = 4; lastKnownFileType = sourcecode.c.objc; path = "NSData+AxcDataConversionEx.m"; sourceTree = "<group>"; };
		EAADC2842187F4250043BB9D /* NSArray+AxcDataConversionEx.h */ = {isa = PBXFileReference; fileEncoding = 4; lastKnownFileType = sourcecode.c.h; path = "NSArray+AxcDataConversionEx.h"; sourceTree = "<group>"; };
		EAADC2852187F4250043BB9D /* NSArray+AxcDataConversionEx.m */ = {isa = PBXFileReference; fileEncoding = 4; lastKnownFileType = sourcecode.c.objc; path = "NSArray+AxcDataConversionEx.m"; sourceTree = "<group>"; };
		EAADC2882187F4250043BB9D /* UITextField+AxcPlaceholderLabelEx.h */ = {isa = PBXFileReference; fileEncoding = 4; lastKnownFileType = sourcecode.c.h; path = "UITextField+AxcPlaceholderLabelEx.h"; sourceTree = "<group>"; };
		EAADC2892187F4250043BB9D /* UITextField+AxcPlaceholderLabelEx.m */ = {isa = PBXFileReference; fileEncoding = 4; lastKnownFileType = sourcecode.c.objc; path = "UITextField+AxcPlaceholderLabelEx.m"; sourceTree = "<group>"; };
		EAADC28B2187F4250043BB9D /* UIColor+AxcColorEx.m */ = {isa = PBXFileReference; fileEncoding = 4; lastKnownFileType = sourcecode.c.objc; path = "UIColor+AxcColorEx.m"; sourceTree = "<group>"; };
		EAADC28C2187F4250043BB9D /* UIColor+AxcColorEx.h */ = {isa = PBXFileReference; fileEncoding = 4; lastKnownFileType = sourcecode.c.h; path = "UIColor+AxcColorEx.h"; sourceTree = "<group>"; };
		EAADC28F2187F4250043BB9D /* UIButton+AxcButtonContentLayout.h */ = {isa = PBXFileReference; fileEncoding = 4; lastKnownFileType = sourcecode.c.h; path = "UIButton+AxcButtonContentLayout.h"; sourceTree = "<group>"; };
		EAADC2902187F4250043BB9D /* UIButton+AxcButtonContentLayout.m */ = {isa = PBXFileReference; fileEncoding = 4; lastKnownFileType = sourcecode.c.objc; path = "UIButton+AxcButtonContentLayout.m"; sourceTree = "<group>"; };
		EAADC2922187F4250043BB9D /* UIButton+AxcButtonCountDown.h */ = {isa = PBXFileReference; fileEncoding = 4; lastKnownFileType = sourcecode.c.h; path = "UIButton+AxcButtonCountDown.h"; sourceTree = "<group>"; };
		EAADC2932187F4250043BB9D /* UIButton+AxcButtonCountDown.m */ = {isa = PBXFileReference; fileEncoding = 4; lastKnownFileType = sourcecode.c.objc; path = "UIButton+AxcButtonCountDown.m"; sourceTree = "<group>"; };
		EAADC2962187F4250043BB9D /* UIView+AxcGetSuperVC.h */ = {isa = PBXFileReference; fileEncoding = 4; lastKnownFileType = sourcecode.c.h; path = "UIView+AxcGetSuperVC.h"; sourceTree = "<group>"; };
		EAADC2972187F4250043BB9D /* UIView+AxcGetSuperVC.m */ = {isa = PBXFileReference; fileEncoding = 4; lastKnownFileType = sourcecode.c.objc; path = "UIView+AxcGetSuperVC.m"; sourceTree = "<group>"; };
		EAADC2992187F4250043BB9D /* UIView+AxcViewRectEx.h */ = {isa = PBXFileReference; fileEncoding = 4; lastKnownFileType = sourcecode.c.h; path = "UIView+AxcViewRectEx.h"; sourceTree = "<group>"; };
		EAADC29A2187F4250043BB9D /* UIView+AxcViewRectEx.m */ = {isa = PBXFileReference; fileEncoding = 4; lastKnownFileType = sourcecode.c.objc; path = "UIView+AxcViewRectEx.m"; sourceTree = "<group>"; };
		EAADC29C2187F4250043BB9D /* UIView+AxcScreenshotsViewEx.h */ = {isa = PBXFileReference; fileEncoding = 4; lastKnownFileType = sourcecode.c.h; path = "UIView+AxcScreenshotsViewEx.h"; sourceTree = "<group>"; };
		EAADC29D2187F4250043BB9D /* UIView+AxcScreenshotsViewEx.m */ = {isa = PBXFileReference; fileEncoding = 4; lastKnownFileType = sourcecode.c.objc; path = "UIView+AxcScreenshotsViewEx.m"; sourceTree = "<group>"; };
		EAADC29F2187F4250043BB9D /* UIView+AxcViewAppearanceEx.m */ = {isa = PBXFileReference; fileEncoding = 4; lastKnownFileType = sourcecode.c.objc; path = "UIView+AxcViewAppearanceEx.m"; sourceTree = "<group>"; };
		EAADC2A02187F4250043BB9D /* UIView+AxcViewAppearanceEx.h */ = {isa = PBXFileReference; fileEncoding = 4; lastKnownFileType = sourcecode.c.h; path = "UIView+AxcViewAppearanceEx.h"; sourceTree = "<group>"; };
		EAADC2A32187F4250043BB9D /* UIViewController+AxcVCPushName.h */ = {isa = PBXFileReference; fileEncoding = 4; lastKnownFileType = sourcecode.c.h; path = "UIViewController+AxcVCPushName.h"; sourceTree = "<group>"; };
		EAADC2A42187F4250043BB9D /* UIViewController+AxcVCPushName.m */ = {isa = PBXFileReference; fileEncoding = 4; lastKnownFileType = sourcecode.c.objc; path = "UIViewController+AxcVCPushName.m"; sourceTree = "<group>"; };
		EAADC2A62187F4250043BB9D /* UIViewController+AxcVCBackButtonEvent.m */ = {isa = PBXFileReference; fileEncoding = 4; lastKnownFileType = sourcecode.c.objc; path = "UIViewController+AxcVCBackButtonEvent.m"; sourceTree = "<group>"; };
		EAADC2A72187F4250043BB9D /* UIViewController+AxcVCBackButtonEvent.h */ = {isa = PBXFileReference; fileEncoding = 4; lastKnownFileType = sourcecode.c.h; path = "UIViewController+AxcVCBackButtonEvent.h"; sourceTree = "<group>"; };
		EAADC2A92187F4250043BB9D /* UIGestureRecognizer+AxcActionBlockEx.m */ = {isa = PBXFileReference; fileEncoding = 4; lastKnownFileType = sourcecode.c.objc; path = "UIGestureRecognizer+AxcActionBlockEx.m"; sourceTree = "<group>"; };
		EAADC2AA2187F4250043BB9D /* UIGestureRecognizer+AxcActionBlockEx.h */ = {isa = PBXFileReference; fileEncoding = 4; lastKnownFileType = sourcecode.c.h; path = "UIGestureRecognizer+AxcActionBlockEx.h"; sourceTree = "<group>"; };
		EAADC2AC2187F4250043BB9D /* UILabel+AxcCopyable.m */ = {isa = PBXFileReference; fileEncoding = 4; lastKnownFileType = sourcecode.c.objc; path = "UILabel+AxcCopyable.m"; sourceTree = "<group>"; };
		EAADC2AD2187F4250043BB9D /* UILabel+AxcCopyable.h */ = {isa = PBXFileReference; fileEncoding = 4; lastKnownFileType = sourcecode.c.h; path = "UILabel+AxcCopyable.h"; sourceTree = "<group>"; };
		EAADC2B02187F4250043BB9D /* UIImage+AxcImageRotating.h */ = {isa = PBXFileReference; fileEncoding = 4; lastKnownFileType = sourcecode.c.h; path = "UIImage+AxcImageRotating.h"; sourceTree = "<group>"; };
		EAADC2B12187F4250043BB9D /* UIImage+AxcImageRotating.m */ = {isa = PBXFileReference; fileEncoding = 4; lastKnownFileType = sourcecode.c.objc; path = "UIImage+AxcImageRotating.m"; sourceTree = "<group>"; };
		EAADC2B32187F4250043BB9D /* UIImage+AxcQRCode.h */ = {isa = PBXFileReference; fileEncoding = 4; lastKnownFileType = sourcecode.c.h; path = "UIImage+AxcQRCode.h"; sourceTree = "<group>"; };
		EAADC2B42187F4250043BB9D /* UIImage+AxcQRCode.m */ = {isa = PBXFileReference; fileEncoding = 4; lastKnownFileType = sourcecode.c.objc; path = "UIImage+AxcQRCode.m"; sourceTree = "<group>"; };
		EAADC2B62187F4250043BB9D /* UIImage+AxcTransfromZoom.h */ = {isa = PBXFileReference; fileEncoding = 4; lastKnownFileType = sourcecode.c.h; path = "UIImage+AxcTransfromZoom.h"; sourceTree = "<group>"; };
		EAADC2B72187F4250043BB9D /* UIImage+AxcTransfromZoom.m */ = {isa = PBXFileReference; fileEncoding = 4; lastKnownFileType = sourcecode.c.objc; path = "UIImage+AxcTransfromZoom.m"; sourceTree = "<group>"; };
		EAADC2B92187F4250043BB9D /* UIImage+AxcSpecialEffectsDrawing.m */ = {isa = PBXFileReference; fileEncoding = 4; lastKnownFileType = sourcecode.c.objc; path = "UIImage+AxcSpecialEffectsDrawing.m"; sourceTree = "<group>"; };
		EAADC2BA2187F4250043BB9D /* UIImage+AxcSpecialEffectsDrawing.h */ = {isa = PBXFileReference; fileEncoding = 4; lastKnownFileType = sourcecode.c.h; path = "UIImage+AxcSpecialEffectsDrawing.h"; sourceTree = "<group>"; };
		EAADC2BC2187F4250043BB9D /* AxcCalculateTool.h */ = {isa = PBXFileReference; fileEncoding = 4; lastKnownFileType = sourcecode.c.h; path = AxcCalculateTool.h; sourceTree = "<group>"; };
		EAADC2BD2187F4250043BB9D /* AxcCalculateTool.m */ = {isa = PBXFileReference; fileEncoding = 4; lastKnownFileType = sourcecode.c.objc; path = AxcCalculateTool.m; sourceTree = "<group>"; };
		EAADC2BF2187F4250043BB9D /* AxcTouchManager.h */ = {isa = PBXFileReference; fileEncoding = 4; lastKnownFileType = sourcecode.c.h; path = AxcTouchManager.h; sourceTree = "<group>"; };
		EAADC2C02187F4250043BB9D /* AxcTouchManager.m */ = {isa = PBXFileReference; fileEncoding = 4; lastKnownFileType = sourcecode.c.objc; path = AxcTouchManager.m; sourceTree = "<group>"; };
		EAADC2C22187F4250043BB9D /* AxcDataCache.h */ = {isa = PBXFileReference; fileEncoding = 4; lastKnownFileType = sourcecode.c.h; path = AxcDataCache.h; sourceTree = "<group>"; };
		EAADC2C32187F4250043BB9D /* AxcDataCache.m */ = {isa = PBXFileReference; fileEncoding = 4; lastKnownFileType = sourcecode.c.objc; path = AxcDataCache.m; sourceTree = "<group>"; };
		EAADC2C52187F4250043BB9D /* AxcBasicSuitDefine.h */ = {isa = PBXFileReference; fileEncoding = 4; lastKnownFileType = sourcecode.c.h; path = AxcBasicSuitDefine.h; sourceTree = "<group>"; };
		EAADC2C62187F4250043BB9D /* AxcBasicSuitBlockDefine.h */ = {isa = PBXFileReference; fileEncoding = 4; lastKnownFileType = sourcecode.c.h; path = AxcBasicSuitBlockDefine.h; sourceTree = "<group>"; };
		EAADC2C82187F4250043BB9D /* AxcBaseVC.m */ = {isa = PBXFileReference; fileEncoding = 4; lastKnownFileType = sourcecode.c.objc; path = AxcBaseVC.m; sourceTree = "<group>"; };
		EAADC2C92187F4250043BB9D /* AxcBaseVC.h */ = {isa = PBXFileReference; fileEncoding = 4; lastKnownFileType = sourcecode.c.h; path = AxcBaseVC.h; sourceTree = "<group>"; };
		EAADC2CB2187F4250043BB9D /* AxcBasicSuitPrefixHeader.h */ = {isa = PBXFileReference; fileEncoding = 4; lastKnownFileType = sourcecode.c.h; path = AxcBasicSuitPrefixHeader.h; sourceTree = "<group>"; };
		EAADC2F32187F4490043BB9D /* AxcBaseAppVC.h */ = {isa = PBXFileReference; lastKnownFileType = sourcecode.c.h; path = AxcBaseAppVC.h; sourceTree = "<group>"; };
		EAADC2F42187F4490043BB9D /* AxcBaseAppVC.m */ = {isa = PBXFileReference; lastKnownFileType = sourcecode.c.objc; path = AxcBaseAppVC.m; sourceTree = "<group>"; };
		EAADC2F72187F4C40043BB9D /* BaseTabbarVC.h */ = {isa = PBXFileReference; lastKnownFileType = sourcecode.c.h; path = BaseTabbarVC.h; sourceTree = "<group>"; };
		EAADC2F82187F4C40043BB9D /* BaseTabbarVC.m */ = {isa = PBXFileReference; lastKnownFileType = sourcecode.c.objc; path = BaseTabbarVC.m; sourceTree = "<group>"; };
		EAC1FDD62187F5FA001AC774 /* PrefixHeader.pch */ = {isa = PBXFileReference; fileEncoding = 4; lastKnownFileType = sourcecode.c.h; path = PrefixHeader.pch; sourceTree = "<group>"; };
		EAC1FDDE218840A8001AC774 /* MyTaskVC.h */ = {isa = PBXFileReference; lastKnownFileType = sourcecode.c.h; path = MyTaskVC.h; sourceTree = "<group>"; };
		EAC1FDDF218840A8001AC774 /* MyTaskVC.m */ = {isa = PBXFileReference; lastKnownFileType = sourcecode.c.objc; path = MyTaskVC.m; sourceTree = "<group>"; };
		EAC1FDE1218840D3001AC774 /* MyItemsVC.h */ = {isa = PBXFileReference; lastKnownFileType = sourcecode.c.h; path = MyItemsVC.h; sourceTree = "<group>"; };
		EAC1FDE2218840D3001AC774 /* MyItemsVC.m */ = {isa = PBXFileReference; lastKnownFileType = sourcecode.c.objc; path = MyItemsVC.m; sourceTree = "<group>"; };
		EAC1FDE4218840E5001AC774 /* TrendChartVC.h */ = {isa = PBXFileReference; lastKnownFileType = sourcecode.c.h; path = TrendChartVC.h; sourceTree = "<group>"; };
		EAC1FDE5218840E5001AC774 /* TrendChartVC.m */ = {isa = PBXFileReference; lastKnownFileType = sourcecode.c.objc; path = TrendChartVC.m; sourceTree = "<group>"; };
		EAC1FDE7218840F7001AC774 /* AlbumSafeVC.h */ = {isa = PBXFileReference; lastKnownFileType = sourcecode.c.h; path = AlbumSafeVC.h; sourceTree = "<group>"; };
		EAC1FDE8218840F7001AC774 /* AlbumSafeVC.m */ = {isa = PBXFileReference; lastKnownFileType = sourcecode.c.objc; path = AlbumSafeVC.m; sourceTree = "<group>"; };
		EAC1FDEB21884238001AC774 /* AxcNavVC.h */ = {isa = PBXFileReference; lastKnownFileType = sourcecode.c.h; path = AxcNavVC.h; sourceTree = "<group>"; };
		EAC1FDEC21884238001AC774 /* AxcNavVC.m */ = {isa = PBXFileReference; lastKnownFileType = sourcecode.c.objc; path = AxcNavVC.m; sourceTree = "<group>"; };
		EAC1FDEE21884C82001AC774 /* Assets.xcassets */ = {isa = PBXFileReference; lastKnownFileType = folder.assetcatalog; path = Assets.xcassets; sourceTree = "<group>"; };
		EAC1FDF021884D13001AC774 /* SettingVC.h */ = {isa = PBXFileReference; lastKnownFileType = sourcecode.c.h; path = SettingVC.h; sourceTree = "<group>"; };
		EAC1FDF121884D13001AC774 /* SettingVC.m */ = {isa = PBXFileReference; lastKnownFileType = sourcecode.c.objc; path = SettingVC.m; sourceTree = "<group>"; };
		EAC1FDF321885877001AC774 /* icon.png */ = {isa = PBXFileReference; lastKnownFileType = image.png; path = icon.png; sourceTree = "<group>"; };
		EAF898BB21A55D3D00FE54B6 /* SVProgressHUD+DGActivityIndicatorView.m */ = {isa = PBXFileReference; fileEncoding = 4; lastKnownFileType = sourcecode.c.objc; path = "SVProgressHUD+DGActivityIndicatorView.m"; sourceTree = "<group>"; };
		EAF898BC21A55D3D00FE54B6 /* SVProgressHUD+DGActivityIndicatorView.h */ = {isa = PBXFileReference; fileEncoding = 4; lastKnownFileType = sourcecode.c.h; path = "SVProgressHUD+DGActivityIndicatorView.h"; sourceTree = "<group>"; };
		FF841F8DBA0445B1969BC6A0 /* Pods-Axc Secretary.release.xcconfig */ = {isa = PBXFileReference; includeInIndex = 1; lastKnownFileType = text.xcconfig; name = "Pods-Axc Secretary.release.xcconfig"; path = "Pods/Target Support Files/Pods-Axc Secretary/Pods-Axc Secretary.release.xcconfig"; sourceTree = "<group>"; };
/* End PBXFileReference section */

/* Begin PBXFrameworksBuildPhase section */
		EA891EAE2186FB67008AFD21 /* Frameworks */ = {
			isa = PBXFrameworksBuildPhase;
			buildActionMask = 2147483647;
			files = (
				EA09EDF6219AA04500713AFB /* libsqlite3.0.tbd in Frameworks */,
				7E31884DAC8B7FE30B3FA525 /* libPods-Axc Secretary.a in Frameworks */,
			);
			runOnlyForDeploymentPostprocessing = 0;
		};
		EA891EC62186FB68008AFD21 /* Frameworks */ = {
			isa = PBXFrameworksBuildPhase;
			buildActionMask = 2147483647;
			files = (
			);
			runOnlyForDeploymentPostprocessing = 0;
		};
		EA891ED12186FB68008AFD21 /* Frameworks */ = {
			isa = PBXFrameworksBuildPhase;
			buildActionMask = 2147483647;
			files = (
			);
			runOnlyForDeploymentPostprocessing = 0;
		};
/* End PBXFrameworksBuildPhase section */

/* Begin PBXGroup section */
		15A685A230AEE24A71D7AD9E /* Pods */ = {
			isa = PBXGroup;
			children = (
				7FB384BC73673694CC99A1B5 /* Pods-Axc Secretary.debug.xcconfig */,
				FF841F8DBA0445B1969BC6A0 /* Pods-Axc Secretary.release.xcconfig */,
			);
			name = Pods;
			sourceTree = "<group>";
		};
		B43A4CD3579CEA4125EAC544 /* Frameworks */ = {
			isa = PBXGroup;
			children = (
				EA09EDF5219AA04500713AFB /* libsqlite3.0.tbd */,
				AE8817DBBF060476B1F8AC40 /* libPods-Axc Secretary.a */,
			);
			name = Frameworks;
			sourceTree = "<group>";
		};
		EA0B110921A2553700340FEA /* AxcDBManager */ = {
			isa = PBXGroup;
			children = (
				EA0B110A21A2554900340FEA /* AxcDBManager.h */,
				EA0B110B21A2554900340FEA /* AxcDBManager.m */,
			);
			path = AxcDBManager;
			sourceTree = "<group>";
		};
		EA1E434C21995A6300B95CF8 /* Model */ = {
			isa = PBXGroup;
			children = (
				EA1E435121995AA900B95CF8 /* TaskModel.h */,
				EA1E435221995AA900B95CF8 /* TaskModel.m */,
			);
			path = Model;
			sourceTree = "<group>";
		};
		EA1E434D21995A7C00B95CF8 /* Model */ = {
			isa = PBXGroup;
			children = (
				EA1E434E21995A9500B95CF8 /* AxcBaseModel.h */,
				EA1E434F21995A9500B95CF8 /* AxcBaseModel.m */,
			);
			path = Model;
			sourceTree = "<group>";
		};
		EA2570C421A7910B00FCF7EE /* 活动 */ = {
			isa = PBXGroup;
			children = (
				EA2570C521A7912100FCF7EE /* ActivityVC.h */,
				EA2570C621A7912100FCF7EE /* ActivityVC.m */,
			);
			path = "活动";
			sourceTree = "<group>";
		};
		EA2570C821A7D1D300FCF7EE /* SubVC */ = {
			isa = PBXGroup;
			children = (
				EA2570E521A7F49900FCF7EE /* AddTaskVC.h */,
				EA2570E621A7F49900FCF7EE /* AddTaskVC.m */,
			);
			path = SubVC;
			sourceTree = "<group>";
		};
		EA2570D021A7D69400FCF7EE /* View */ = {
			isa = PBXGroup;
			children = (
				EA2570D121A7D6B000FCF7EE /* AxcTemporarilyDataView */,
			);
			path = View;
			sourceTree = "<group>";
		};
		EA2570D121A7D6B000FCF7EE /* AxcTemporarilyDataView */ = {
			isa = PBXGroup;
			children = (
				EA2570D221A7D6B000FCF7EE /* AxcTemporarilyDataView.h */,
				EA2570D421A7D6B000FCF7EE /* AxcTemporarilyDataView.m */,
				EA2570D321A7D6B000FCF7EE /* AxcTemporarilyDataView.xib */,
			);
			path = AxcTemporarilyDataView;
			sourceTree = "<group>";
		};
		EA2570D721A7DD7B00FCF7EE /* Model */ = {
			isa = PBXGroup;
			children = (
				EA2570D821A7DD9200FCF7EE /* SettingModel.h */,
				EA2570D921A7DD9200FCF7EE /* SettingModel.m */,
			);
			path = Model;
			sourceTree = "<group>";
		};
		EA2570DB21A7DDF400FCF7EE /* View */ = {
			isa = PBXGroup;
			children = (
				EA2570DC21A7DE0200FCF7EE /* SettingCell.h */,
				EA2570DD21A7DE0200FCF7EE /* SettingCell.m */,
				EA2570DE21A7DE0200FCF7EE /* SettingCell.xib */,
			);
			path = View;
			sourceTree = "<group>";
		};
		EA2570E121A7ECAF00FCF7EE /* AppDelegate+ */ = {
			isa = PBXGroup;
			children = (
				EA5FEEBC21ABF56900405C28 /* 3DTouch */,
				EA5FEEB421ABDC4100405C28 /* 主题管理 */,
				EA5FEEAB21ABCCB500405C28 /* 提示HUD */,
				EA5FEEAA21ABCC4B00405C28 /* 调试气泡 */,
			);
			path = "AppDelegate+";
			sourceTree = "<group>";
		};
		EA44463C21967FCB00D387DA /* UISearchBar+ */ = {
			isa = PBXGroup;
			children = (
				EA444646219680A700D387DA /* UISearchBar+AxcTextFieldEx.h */,
				EA444647219680A700D387DA /* UISearchBar+AxcTextFieldEx.m */,
			);
			path = "UISearchBar+";
			sourceTree = "<group>";
		};
		EA5FEEAA21ABCC4B00405C28 /* 调试气泡 */ = {
			isa = PBXGroup;
			children = (
				EA2570E221A7ECD400FCF7EE /* AppDelegate+LLDebug_Ex.h */,
				EA2570E321A7ECD400FCF7EE /* AppDelegate+LLDebug_Ex.m */,
			);
			path = "调试气泡";
			sourceTree = "<group>";
		};
		EA5FEEAB21ABCCB500405C28 /* 提示HUD */ = {
			isa = PBXGroup;
			children = (
				EA5FEEAC21ABCCC500405C28 /* AppDelegate+SVProgressHUD_Ex.h */,
				EA5FEEAD21ABCCC500405C28 /* AppDelegate+SVProgressHUD_Ex.m */,
			);
			path = "提示HUD";
			sourceTree = "<group>";
		};
		EA5FEEB021ABDA8D00405C28 /* AxcThemeManager */ = {
			isa = PBXGroup;
			children = (
				EA5FEEB121ABDAA200405C28 /* AxcThemeManager.h */,
				EA5FEEB221ABDAA200405C28 /* AxcThemeManager.m */,
			);
			path = AxcThemeManager;
			sourceTree = "<group>";
		};
		EA5FEEB421ABDC4100405C28 /* 主题管理 */ = {
			isa = PBXGroup;
			children = (
				EA5FEEB521ABDC5700405C28 /* AppDelegate+AxcThemeManager_Ex.h */,
				EA5FEEB621ABDC5700405C28 /* AppDelegate+AxcThemeManager_Ex.m */,
			);
			path = "主题管理";
			sourceTree = "<group>";
		};
		EA5FEEB821ABE3D900405C28 /* SubVC */ = {
			isa = PBXGroup;
			children = (
				EA5FEEB921ABE3F600405C28 /* SwitchThemeVC.h */,
				EA5FEEBA21ABE3F600405C28 /* SwitchThemeVC.m */,
			);
			path = SubVC;
			sourceTree = "<group>";
		};
		EA5FEEBC21ABF56900405C28 /* 3DTouch */ = {
			isa = PBXGroup;
			children = (
				EA5FEEBD21ABF58000405C28 /* AppDelegate+Axc3DTouch_Ex.h */,
				EA5FEEBE21ABF58000405C28 /* AppDelegate+Axc3DTouch_Ex.m */,
			);
			path = 3DTouch;
			sourceTree = "<group>";
		};
		EA8443C92196B53A0054BC20 /* UITableView+ */ = {
			isa = PBXGroup;
			children = (
				EA8443CC2196B5740054BC20 /* UITableView+AxcEmptyData.h */,
				EA8443CD2196B5740054BC20 /* UITableView+AxcEmptyData.m */,
			);
			path = "UITableView+";
			sourceTree = "<group>";
		};
		EA8443CB2196B55B0054BC20 /* UICollectionView+ */ = {
			isa = PBXGroup;
			children = (
				EA8443CF2196B57D0054BC20 /* UICollectionView+AxcEmptyData.h */,
				EA8443D02196B57E0054BC20 /* UICollectionView+AxcEmptyData.m */,
			);
			path = "UICollectionView+";
			sourceTree = "<group>";
		};
		EA891EA82186FB67008AFD21 = {
			isa = PBXGroup;
			children = (
				EA891EB32186FB67008AFD21 /* Axc Secretary */,
				EA891ECC2186FB68008AFD21 /* Axc SecretaryTests */,
				EA891ED72186FB68008AFD21 /* Axc SecretaryUITests */,
				EA891EB22186FB67008AFD21 /* Products */,
				15A685A230AEE24A71D7AD9E /* Pods */,
				B43A4CD3579CEA4125EAC544 /* Frameworks */,
			);
			sourceTree = "<group>";
		};
		EA891EB22186FB67008AFD21 /* Products */ = {
			isa = PBXGroup;
			children = (
				EA891EB12186FB67008AFD21 /* Axc Secretary.app */,
				EA891EC92186FB68008AFD21 /* Axc SecretaryTests.xctest */,
				EA891ED42186FB68008AFD21 /* Axc SecretaryUITests.xctest */,
			);
			name = Products;
			sourceTree = "<group>";
		};
		EA891EB32186FB67008AFD21 /* Axc Secretary */ = {
			isa = PBXGroup;
			children = (
				EA891EB42186FB67008AFD21 /* AppDelegate.h */,
				EA891EB52186FB67008AFD21 /* AppDelegate.m */,
				EA2570E121A7ECAF00FCF7EE /* AppDelegate+ */,
				EAADC2432187F3BB0043BB9D /* AxcFramework */,
				EAC1FDD72188405C001AC774 /* UI */,
				EA891EE62186FB6D008AFD21 /* Base */,
				EA891EE72186FB6F008AFD21 /* Other */,
			);
			path = "Axc Secretary";
			sourceTree = "<group>";
		};
		EA891ECC2186FB68008AFD21 /* Axc SecretaryTests */ = {
			isa = PBXGroup;
			children = (
				EA891ECD2186FB68008AFD21 /* Axc_SecretaryTests.m */,
				EA891ECF2186FB68008AFD21 /* Info.plist */,
			);
			path = "Axc SecretaryTests";
			sourceTree = "<group>";
		};
		EA891ED72186FB68008AFD21 /* Axc SecretaryUITests */ = {
			isa = PBXGroup;
			children = (
				EA891ED82186FB68008AFD21 /* Axc_SecretaryUITests.m */,
				EA891EDA2186FB68008AFD21 /* Info.plist */,
			);
			path = "Axc SecretaryUITests";
			sourceTree = "<group>";
		};
		EA891EE62186FB6D008AFD21 /* Base */ = {
			isa = PBXGroup;
			children = (
				EA1E434D21995A7C00B95CF8 /* Model */,
				EAC1FDEA21884224001AC774 /* Nav */,
				EAADC2F62187F48E0043BB9D /* TabBar */,
				EAADC2F22187F42D0043BB9D /* VC */,
			);
			path = Base;
			sourceTree = "<group>";
		};
		EA891EE72186FB6F008AFD21 /* Other */ = {
			isa = PBXGroup;
			children = (
				EA1E435E219964DA00B95CF8 /* DefineHeader.h */,
				EAC1FDF321885877001AC774 /* icon.png */,
				EAC1FDEE21884C82001AC774 /* Assets.xcassets */,
				EAC1FDD62187F5FA001AC774 /* PrefixHeader.pch */,
				EA891EB72186FB67008AFD21 /* ViewController.h */,
				EA891EB82186FB67008AFD21 /* ViewController.m */,
				EA891EBA2186FB67008AFD21 /* Main.storyboard */,
				EA891EBF2186FB68008AFD21 /* LaunchScreen.storyboard */,
				EA891EC22186FB68008AFD21 /* Info.plist */,
				EA891EC32186FB68008AFD21 /* main.m */,
			);
			name = Other;
			sourceTree = "<group>";
		};
		EAADC2432187F3BB0043BB9D /* AxcFramework */ = {
			isa = PBXGroup;
			children = (
				EA5FEEB021ABDA8D00405C28 /* AxcThemeManager */,
				EAF898B921A55D3200FE54B6 /* Libs */,
				EA0B110921A2553700340FEA /* AxcDBManager */,
				EAADC2442187F4250043BB9D /* AxcBasicSuit */,
			);
			path = AxcFramework;
			sourceTree = "<group>";
		};
		EAADC2442187F4250043BB9D /* AxcBasicSuit */ = {
			isa = PBXGroup;
			children = (
				EAADC2452187F4250043BB9D /* Tools */,
				EAADC2C42187F4250043BB9D /* Define */,
				EAADC2C72187F4250043BB9D /* VC */,
				EAADC2CA2187F4250043BB9D /* Header */,
			);
			path = AxcBasicSuit;
			sourceTree = "<group>";
		};
		EAADC2452187F4250043BB9D /* Tools */ = {
			isa = PBXGroup;
			children = (
				EAADC2462187F4250043BB9D /* 机型判断 */,
				EAADC2492187F4250043BB9D /* 决策工具 */,
				EAADC24A2187F4250043BB9D /* 换算工具 */,
				EAADC24B2187F4250043BB9D /* 语言工具 */,
				EAADC24E2187F4250043BB9D /* 扩展类工具 */,
				EAADC2BB2187F4250043BB9D /* 计算工具 */,
				EAADC2BE2187F4250043BB9D /* 指纹验证 */,
				EAADC2C12187F4250043BB9D /* 二进制缓存器 */,
			);
			path = Tools;
			sourceTree = "<group>";
		};
		EAADC2462187F4250043BB9D /* 机型判断 */ = {
			isa = PBXGroup;
			children = (
				EAADC2472187F4250043BB9D /* AxcParameterObj.h */,
				EAADC2482187F4250043BB9D /* AxcParameterObj.m */,
			);
			path = "机型判断";
			sourceTree = "<group>";
		};
		EAADC2492187F4250043BB9D /* 决策工具 */ = {
			isa = PBXGroup;
			children = (
			);
			path = "决策工具";
			sourceTree = "<group>";
		};
		EAADC24A2187F4250043BB9D /* 换算工具 */ = {
			isa = PBXGroup;
			children = (
			);
			path = "换算工具";
			sourceTree = "<group>";
		};
		EAADC24B2187F4250043BB9D /* 语言工具 */ = {
			isa = PBXGroup;
			children = (
				EAADC24C2187F4250043BB9D /* AxcLanguageManagement.m */,
				EAADC24D2187F4250043BB9D /* AxcLanguageManagement.h */,
			);
			path = "语言工具";
			sourceTree = "<group>";
		};
		EAADC24E2187F4250043BB9D /* 扩展类工具 */ = {
			isa = PBXGroup;
			children = (
				EAADC24F2187F4250043BB9D /* Foundation+ */,
				EAADC2862187F4250043BB9D /* UIKit+ */,
			);
			path = "扩展类工具";
			sourceTree = "<group>";
		};
		EAADC24F2187F4250043BB9D /* Foundation+ */ = {
			isa = PBXGroup;
			children = (
				EAADC2502187F4250043BB9D /* NSDictionary+ */,
				EAADC2542187F4250043BB9D /* NSDate+ */,
				EAADC25B2187F4250043BB9D /* NSMutableArray+ */,
				EAADC25E2187F4250043BB9D /* NSObject+ */,
				EAADC2652187F4250043BB9D /* NSString+ */,
				EAADC27E2187F4250043BB9D /* NSData+ */,
				EAADC2822187F4250043BB9D /* NSArray+ */,
			);
			path = "Foundation+";
			sourceTree = "<group>";
		};
		EAADC2502187F4250043BB9D /* NSDictionary+ */ = {
			isa = PBXGroup;
			children = (
				EAADC2512187F4250043BB9D /* 数据转换 */,
			);
			path = "NSDictionary+";
			sourceTree = "<group>";
		};
		EAADC2512187F4250043BB9D /* 数据转换 */ = {
			isa = PBXGroup;
			children = (
				EAADC2522187F4250043BB9D /* NSDictionary+AxcDataConversionEx.h */,
				EAADC2532187F4250043BB9D /* NSDictionary+AxcDataConversionEx.m */,
			);
			path = "数据转换";
			sourceTree = "<group>";
		};
		EAADC2542187F4250043BB9D /* NSDate+ */ = {
			isa = PBXGroup;
			children = (
				EAADC2552187F4250043BB9D /* 日期加减 */,
				EAADC2582187F4250043BB9D /* 扩展和基础处理 */,
			);
			path = "NSDate+";
			sourceTree = "<group>";
		};
		EAADC2552187F4250043BB9D /* 日期加减 */ = {
			isa = PBXGroup;
			children = (
				EAADC2562187F4250043BB9D /* NSDate+AxcDateArithmeticEx.h */,
				EAADC2572187F4250043BB9D /* NSDate+AxcDateArithmeticEx.m */,
			);
			path = "日期加减";
			sourceTree = "<group>";
		};
		EAADC2582187F4250043BB9D /* 扩展和基础处理 */ = {
			isa = PBXGroup;
			children = (
				EAADC2592187F4250043BB9D /* NSDate+AxcProcessingEx.h */,
				EAADC25A2187F4250043BB9D /* NSDate+AxcProcessingEx.m */,
			);
			path = "扩展和基础处理";
			sourceTree = "<group>";
		};
		EAADC25B2187F4250043BB9D /* NSMutableArray+ */ = {
			isa = PBXGroup;
			children = (
				EAADC25C2187F4250043BB9D /* NSMutableArray+AxcOperationEx.m */,
				EAADC25D2187F4250043BB9D /* NSMutableArray+AxcOperationEx.h */,
			);
			path = "NSMutableArray+";
			sourceTree = "<group>";
		};
		EAADC25E2187F4250043BB9D /* NSObject+ */ = {
			isa = PBXGroup;
			children = (
				EAADC25F2187F4250043BB9D /* IndexPath */,
				EAADC2622187F4250043BB9D /* ObjectEx */,
			);
			path = "NSObject+";
			sourceTree = "<group>";
		};
		EAADC25F2187F4250043BB9D /* IndexPath */ = {
			isa = PBXGroup;
			children = (
				EAADC2602187F4250043BB9D /* NSObject+AxcBasicSuitIndexPath.h */,
				EAADC2612187F4250043BB9D /* NSObject+AxcBasicSuitIndexPath.m */,
			);
			path = IndexPath;
			sourceTree = "<group>";
		};
		EAADC2622187F4250043BB9D /* ObjectEx */ = {
			isa = PBXGroup;
			children = (
				EAADC2632187F4250043BB9D /* NSObject+AxcBasicSuitObjectEx.m */,
				EAADC2642187F4250043BB9D /* NSObject+AxcBasicSuitObjectEx.h */,
			);
			path = ObjectEx;
			sourceTree = "<group>";
		};
		EAADC2652187F4250043BB9D /* NSString+ */ = {
			isa = PBXGroup;
			children = (
				EAADC2662187F4250043BB9D /* URL编码 */,
				EAADC2692187F4250043BB9D /* 字符合理性 */,
				EAADC26C2187F4250043BB9D /* 文字大小 */,
				EAADC26F2187F4250043BB9D /* MD5转换 */,
				EAADC2722187F4250043BB9D /* 正则字符串 */,
				EAADC2752187F4250043BB9D /* 标注成富文本 */,
				EAADC2782187F4250043BB9D /* 快速遍历 */,
				EAADC27B2187F4250043BB9D /* 数据转换 */,
			);
			path = "NSString+";
			sourceTree = "<group>";
		};
		EAADC2662187F4250043BB9D /* URL编码 */ = {
			isa = PBXGroup;
			children = (
				EAADC2672187F4250043BB9D /* NSString+AxcUrlEncode.m */,
				EAADC2682187F4250043BB9D /* NSString+AxcUrlEncode.h */,
			);
			path = "URL编码";
			sourceTree = "<group>";
		};
		EAADC2692187F4250043BB9D /* 字符合理性 */ = {
			isa = PBXGroup;
			children = (
				EAADC26A2187F4250043BB9D /* NSString+AxcStringIsReasonable.h */,
				EAADC26B2187F4250043BB9D /* NSString+AxcStringIsReasonable.m */,
			);
			path = "字符合理性";
			sourceTree = "<group>";
		};
		EAADC26C2187F4250043BB9D /* 文字大小 */ = {
			isa = PBXGroup;
			children = (
				EAADC26D2187F4250043BB9D /* NSString+AxcTextCalculation.m */,
				EAADC26E2187F4250043BB9D /* NSString+AxcTextCalculation.h */,
			);
			path = "文字大小";
			sourceTree = "<group>";
		};
		EAADC26F2187F4250043BB9D /* MD5转换 */ = {
			isa = PBXGroup;
			children = (
				EAADC2702187F4250043BB9D /* NSString+Axc_MD5_Ex.m */,
				EAADC2712187F4250043BB9D /* NSString+Axc_MD5_Ex.h */,
			);
			path = "MD5转换";
			sourceTree = "<group>";
		};
		EAADC2722187F4250043BB9D /* 正则字符串 */ = {
			isa = PBXGroup;
			children = (
				EAADC2732187F4250043BB9D /* NSString+AxcRegularEx.m */,
				EAADC2742187F4250043BB9D /* NSString+AxcRegularEx.h */,
			);
			path = "正则字符串";
			sourceTree = "<group>";
		};
		EAADC2752187F4250043BB9D /* 标注成富文本 */ = {
			isa = PBXGroup;
			children = (
				EAADC2762187F4250043BB9D /* NSString+AxcReplaceRichText.m */,
				EAADC2772187F4250043BB9D /* NSString+AxcReplaceRichText.h */,
			);
			path = "标注成富文本";
			sourceTree = "<group>";
		};
		EAADC2782187F4250043BB9D /* 快速遍历 */ = {
			isa = PBXGroup;
			children = (
				EAADC2792187F4250043BB9D /* NSString+AxcEnumerate.h */,
				EAADC27A2187F4250043BB9D /* NSString+AxcEnumerate.m */,
			);
			path = "快速遍历";
			sourceTree = "<group>";
		};
		EAADC27B2187F4250043BB9D /* 数据转换 */ = {
			isa = PBXGroup;
			children = (
				EAADC27C2187F4250043BB9D /* NSString+AxcDataConversionEx.h */,
				EAADC27D2187F4250043BB9D /* NSString+AxcDataConversionEx.m */,
			);
			path = "数据转换";
			sourceTree = "<group>";
		};
		EAADC27E2187F4250043BB9D /* NSData+ */ = {
			isa = PBXGroup;
			children = (
				EAADC27F2187F4250043BB9D /* 数据转换 */,
			);
			path = "NSData+";
			sourceTree = "<group>";
		};
		EAADC27F2187F4250043BB9D /* 数据转换 */ = {
			isa = PBXGroup;
			children = (
				EAADC2802187F4250043BB9D /* NSData+AxcDataConversionEx.h */,
				EAADC2812187F4250043BB9D /* NSData+AxcDataConversionEx.m */,
			);
			path = "数据转换";
			sourceTree = "<group>";
		};
		EAADC2822187F4250043BB9D /* NSArray+ */ = {
			isa = PBXGroup;
			children = (
				EAADC2832187F4250043BB9D /* 数据转换 */,
			);
			path = "NSArray+";
			sourceTree = "<group>";
		};
		EAADC2832187F4250043BB9D /* 数据转换 */ = {
			isa = PBXGroup;
			children = (
				EAADC2842187F4250043BB9D /* NSArray+AxcDataConversionEx.h */,
				EAADC2852187F4250043BB9D /* NSArray+AxcDataConversionEx.m */,
			);
			path = "数据转换";
			sourceTree = "<group>";
		};
		EAADC2862187F4250043BB9D /* UIKit+ */ = {
			isa = PBXGroup;
			children = (
				EA8443CB2196B55B0054BC20 /* UICollectionView+ */,
				EA8443C92196B53A0054BC20 /* UITableView+ */,
				EA44463C21967FCB00D387DA /* UISearchBar+ */,
				EAADC2872187F4250043BB9D /* UITextField+ */,
				EAADC28A2187F4250043BB9D /* UIColor+ */,
				EAADC28D2187F4250043BB9D /* UIButton+ */,
				EAADC2942187F4250043BB9D /* UIVIew+ */,
				EAADC2A12187F4250043BB9D /* UIViewController+ */,
				EAADC2A82187F4250043BB9D /* UIGestureRecognizer+ */,
				EAADC2AB2187F4250043BB9D /* UILabel+ */,
				EAADC2AE2187F4250043BB9D /* UIImage+ */,
			);
			path = "UIKit+";
			sourceTree = "<group>";
		};
		EAADC2872187F4250043BB9D /* UITextField+ */ = {
			isa = PBXGroup;
			children = (
				EAADC2882187F4250043BB9D /* UITextField+AxcPlaceholderLabelEx.h */,
				EAADC2892187F4250043BB9D /* UITextField+AxcPlaceholderLabelEx.m */,
			);
			path = "UITextField+";
			sourceTree = "<group>";
		};
		EAADC28A2187F4250043BB9D /* UIColor+ */ = {
			isa = PBXGroup;
			children = (
				EAADC28B2187F4250043BB9D /* UIColor+AxcColorEx.m */,
				EAADC28C2187F4250043BB9D /* UIColor+AxcColorEx.h */,
			);
			path = "UIColor+";
			sourceTree = "<group>";
		};
		EAADC28D2187F4250043BB9D /* UIButton+ */ = {
			isa = PBXGroup;
			children = (
				EAADC28E2187F4250043BB9D /* 内部布局 */,
				EAADC2912187F4250043BB9D /* 倒计时 */,
			);
			path = "UIButton+";
			sourceTree = "<group>";
		};
		EAADC28E2187F4250043BB9D /* 内部布局 */ = {
			isa = PBXGroup;
			children = (
				EAADC28F2187F4250043BB9D /* UIButton+AxcButtonContentLayout.h */,
				EAADC2902187F4250043BB9D /* UIButton+AxcButtonContentLayout.m */,
			);
			path = "内部布局";
			sourceTree = "<group>";
		};
		EAADC2912187F4250043BB9D /* 倒计时 */ = {
			isa = PBXGroup;
			children = (
				EAADC2922187F4250043BB9D /* UIButton+AxcButtonCountDown.h */,
				EAADC2932187F4250043BB9D /* UIButton+AxcButtonCountDown.m */,
			);
			path = "倒计时";
			sourceTree = "<group>";
		};
		EAADC2942187F4250043BB9D /* UIVIew+ */ = {
			isa = PBXGroup;
			children = (
				EAADC2952187F4250043BB9D /* 获取视图所在VC */,
				EAADC2982187F4250043BB9D /* 快速设置Rect */,
				EAADC29B2187F4250043BB9D /* 截图生成图片 */,
				EAADC29E2187F4250043BB9D /* 快速定义外观 */,
			);
			path = "UIVIew+";
			sourceTree = "<group>";
		};
		EAADC2952187F4250043BB9D /* 获取视图所在VC */ = {
			isa = PBXGroup;
			children = (
				EAADC2962187F4250043BB9D /* UIView+AxcGetSuperVC.h */,
				EAADC2972187F4250043BB9D /* UIView+AxcGetSuperVC.m */,
			);
			path = "获取视图所在VC";
			sourceTree = "<group>";
		};
		EAADC2982187F4250043BB9D /* 快速设置Rect */ = {
			isa = PBXGroup;
			children = (
				EAADC2992187F4250043BB9D /* UIView+AxcViewRectEx.h */,
				EAADC29A2187F4250043BB9D /* UIView+AxcViewRectEx.m */,
			);
			path = "快速设置Rect";
			sourceTree = "<group>";
		};
		EAADC29B2187F4250043BB9D /* 截图生成图片 */ = {
			isa = PBXGroup;
			children = (
				EAADC29C2187F4250043BB9D /* UIView+AxcScreenshotsViewEx.h */,
				EAADC29D2187F4250043BB9D /* UIView+AxcScreenshotsViewEx.m */,
			);
			path = "截图生成图片";
			sourceTree = "<group>";
		};
		EAADC29E2187F4250043BB9D /* 快速定义外观 */ = {
			isa = PBXGroup;
			children = (
				EAADC29F2187F4250043BB9D /* UIView+AxcViewAppearanceEx.m */,
				EAADC2A02187F4250043BB9D /* UIView+AxcViewAppearanceEx.h */,
			);
			path = "快速定义外观";
			sourceTree = "<group>";
		};
		EAADC2A12187F4250043BB9D /* UIViewController+ */ = {
			isa = PBXGroup;
			children = (
				EAADC2A22187F4250043BB9D /* 根据类名快速推出VC */,
				EAADC2A52187F4250043BB9D /* 返回按钮捕捉 */,
			);
			path = "UIViewController+";
			sourceTree = "<group>";
		};
		EAADC2A22187F4250043BB9D /* 根据类名快速推出VC */ = {
			isa = PBXGroup;
			children = (
				EAADC2A32187F4250043BB9D /* UIViewController+AxcVCPushName.h */,
				EAADC2A42187F4250043BB9D /* UIViewController+AxcVCPushName.m */,
			);
			path = "根据类名快速推出VC";
			sourceTree = "<group>";
		};
		EAADC2A52187F4250043BB9D /* 返回按钮捕捉 */ = {
			isa = PBXGroup;
			children = (
				EAADC2A62187F4250043BB9D /* UIViewController+AxcVCBackButtonEvent.m */,
				EAADC2A72187F4250043BB9D /* UIViewController+AxcVCBackButtonEvent.h */,
			);
			path = "返回按钮捕捉";
			sourceTree = "<group>";
		};
		EAADC2A82187F4250043BB9D /* UIGestureRecognizer+ */ = {
			isa = PBXGroup;
			children = (
				EAADC2A92187F4250043BB9D /* UIGestureRecognizer+AxcActionBlockEx.m */,
				EAADC2AA2187F4250043BB9D /* UIGestureRecognizer+AxcActionBlockEx.h */,
			);
			path = "UIGestureRecognizer+";
			sourceTree = "<group>";
		};
		EAADC2AB2187F4250043BB9D /* UILabel+ */ = {
			isa = PBXGroup;
			children = (
				EAADC2AC2187F4250043BB9D /* UILabel+AxcCopyable.m */,
				EAADC2AD2187F4250043BB9D /* UILabel+AxcCopyable.h */,
			);
			path = "UILabel+";
			sourceTree = "<group>";
		};
		EAADC2AE2187F4250043BB9D /* UIImage+ */ = {
			isa = PBXGroup;
			children = (
				EAADC2AF2187F4250043BB9D /* 图片旋转 */,
				EAADC2B22187F4250043BB9D /* 二维码生成 */,
				EAADC2B52187F4250043BB9D /* 大小缩放 */,
				EAADC2B82187F4250043BB9D /* 特效&滤镜 */,
			);
			path = "UIImage+";
			sourceTree = "<group>";
		};
		EAADC2AF2187F4250043BB9D /* 图片旋转 */ = {
			isa = PBXGroup;
			children = (
				EAADC2B02187F4250043BB9D /* UIImage+AxcImageRotating.h */,
				EAADC2B12187F4250043BB9D /* UIImage+AxcImageRotating.m */,
			);
			path = "图片旋转";
			sourceTree = "<group>";
		};
		EAADC2B22187F4250043BB9D /* 二维码生成 */ = {
			isa = PBXGroup;
			children = (
				EAADC2B32187F4250043BB9D /* UIImage+AxcQRCode.h */,
				EAADC2B42187F4250043BB9D /* UIImage+AxcQRCode.m */,
			);
			path = "二维码生成";
			sourceTree = "<group>";
		};
		EAADC2B52187F4250043BB9D /* 大小缩放 */ = {
			isa = PBXGroup;
			children = (
				EAADC2B62187F4250043BB9D /* UIImage+AxcTransfromZoom.h */,
				EAADC2B72187F4250043BB9D /* UIImage+AxcTransfromZoom.m */,
			);
			path = "大小缩放";
			sourceTree = "<group>";
		};
		EAADC2B82187F4250043BB9D /* 特效&滤镜 */ = {
			isa = PBXGroup;
			children = (
				EAADC2B92187F4250043BB9D /* UIImage+AxcSpecialEffectsDrawing.m */,
				EAADC2BA2187F4250043BB9D /* UIImage+AxcSpecialEffectsDrawing.h */,
			);
			path = "特效&滤镜";
			sourceTree = "<group>";
		};
		EAADC2BB2187F4250043BB9D /* 计算工具 */ = {
			isa = PBXGroup;
			children = (
				EAADC2BC2187F4250043BB9D /* AxcCalculateTool.h */,
				EAADC2BD2187F4250043BB9D /* AxcCalculateTool.m */,
			);
			path = "计算工具";
			sourceTree = "<group>";
		};
		EAADC2BE2187F4250043BB9D /* 指纹验证 */ = {
			isa = PBXGroup;
			children = (
				EAADC2BF2187F4250043BB9D /* AxcTouchManager.h */,
				EAADC2C02187F4250043BB9D /* AxcTouchManager.m */,
			);
			path = "指纹验证";
			sourceTree = "<group>";
		};
		EAADC2C12187F4250043BB9D /* 二进制缓存器 */ = {
			isa = PBXGroup;
			children = (
				EAADC2C22187F4250043BB9D /* AxcDataCache.h */,
				EAADC2C32187F4250043BB9D /* AxcDataCache.m */,
			);
			path = "二进制缓存器";
			sourceTree = "<group>";
		};
		EAADC2C42187F4250043BB9D /* Define */ = {
			isa = PBXGroup;
			children = (
				EAADC2C52187F4250043BB9D /* AxcBasicSuitDefine.h */,
				EAADC2C62187F4250043BB9D /* AxcBasicSuitBlockDefine.h */,
			);
			path = Define;
			sourceTree = "<group>";
		};
		EAADC2C72187F4250043BB9D /* VC */ = {
			isa = PBXGroup;
			children = (
				EAADC2C92187F4250043BB9D /* AxcBaseVC.h */,
				EAADC2C82187F4250043BB9D /* AxcBaseVC.m */,
			);
			path = VC;
			sourceTree = "<group>";
		};
		EAADC2CA2187F4250043BB9D /* Header */ = {
			isa = PBXGroup;
			children = (
				EAADC2CB2187F4250043BB9D /* AxcBasicSuitPrefixHeader.h */,
			);
			path = Header;
			sourceTree = "<group>";
		};
		EAADC2F22187F42D0043BB9D /* VC */ = {
			isa = PBXGroup;
			children = (
				EAADC2F32187F4490043BB9D /* AxcBaseAppVC.h */,
				EAADC2F42187F4490043BB9D /* AxcBaseAppVC.m */,
				EA2570D021A7D69400FCF7EE /* View */,
			);
			path = VC;
			sourceTree = "<group>";
		};
		EAADC2F62187F48E0043BB9D /* TabBar */ = {
			isa = PBXGroup;
			children = (
				EAADC2F72187F4C40043BB9D /* BaseTabbarVC.h */,
				EAADC2F82187F4C40043BB9D /* BaseTabbarVC.m */,
			);
			path = TabBar;
			sourceTree = "<group>";
		};
		EAC1FDD72188405C001AC774 /* UI */ = {
			isa = PBXGroup;
			children = (
				EAC1FDDC2188408D001AC774 /* 设置 */,
				EAC1FDDB21884085001AC774 /* 相册保险柜 */,
				EAC1FDDA2188407D001AC774 /* 趋势图表 */,
				EAC1FDD921884077001AC774 /* 我的物品 */,
				EA2570C421A7910B00FCF7EE /* 活动 */,
				EAC1FDD821884067001AC774 /* 我的任务 */,
			);
			path = UI;
			sourceTree = "<group>";
		};
		EAC1FDD821884067001AC774 /* 我的任务 */ = {
			isa = PBXGroup;
			children = (
				EAC1FDDE218840A8001AC774 /* MyTaskVC.h */,
				EAC1FDDF218840A8001AC774 /* MyTaskVC.m */,
				EA2570C821A7D1D300FCF7EE /* SubVC */,
				EA1E434C21995A6300B95CF8 /* Model */,
				EAC1FDDD21884095001AC774 /* View */,
			);
			path = "我的任务";
			sourceTree = "<group>";
		};
		EAC1FDD921884077001AC774 /* 我的物品 */ = {
			isa = PBXGroup;
			children = (
				EAC1FDE1218840D3001AC774 /* MyItemsVC.h */,
				EAC1FDE2218840D3001AC774 /* MyItemsVC.m */,
			);
			path = "我的物品";
			sourceTree = "<group>";
		};
		EAC1FDDA2188407D001AC774 /* 趋势图表 */ = {
			isa = PBXGroup;
			children = (
				EAC1FDE4218840E5001AC774 /* TrendChartVC.h */,
				EAC1FDE5218840E5001AC774 /* TrendChartVC.m */,
			);
			path = "趋势图表";
			sourceTree = "<group>";
		};
		EAC1FDDB21884085001AC774 /* 相册保险柜 */ = {
			isa = PBXGroup;
			children = (
				EAC1FDE7218840F7001AC774 /* AlbumSafeVC.h */,
				EAC1FDE8218840F7001AC774 /* AlbumSafeVC.m */,
			);
			path = "相册保险柜";
			sourceTree = "<group>";
		};
		EAC1FDDC2188408D001AC774 /* 设置 */ = {
			isa = PBXGroup;
			children = (
				EAC1FDF021884D13001AC774 /* SettingVC.h */,
				EAC1FDF121884D13001AC774 /* SettingVC.m */,
				EA5FEEB821ABE3D900405C28 /* SubVC */,
				EA2570DB21A7DDF400FCF7EE /* View */,
				EA2570D721A7DD7B00FCF7EE /* Model */,
			);
			path = "设置";
			sourceTree = "<group>";
		};
		EAC1FDDD21884095001AC774 /* View */ = {
			isa = PBXGroup;
			children = (
				EA1E435921995AD300B95CF8 /* TaskCell.h */,
				EA1E435A21995AD300B95CF8 /* TaskCell.m */,
				EA1E435B21995AD300B95CF8 /* TaskCell.xib */,
			);
			path = View;
			sourceTree = "<group>";
		};
		EAC1FDEA21884224001AC774 /* Nav */ = {
			isa = PBXGroup;
			children = (
				EAC1FDEB21884238001AC774 /* AxcNavVC.h */,
				EAC1FDEC21884238001AC774 /* AxcNavVC.m */,
			);
			path = Nav;
			sourceTree = "<group>";
		};
		EAF898B921A55D3200FE54B6 /* Libs */ = {
			isa = PBXGroup;
			children = (
				EAF898BA21A55D3D00FE54B6 /* SVP+ */,
			);
			path = Libs;
			sourceTree = "<group>";
		};
		EAF898BA21A55D3D00FE54B6 /* SVP+ */ = {
			isa = PBXGroup;
			children = (
				EAF898BB21A55D3D00FE54B6 /* SVProgressHUD+DGActivityIndicatorView.m */,
				EAF898BC21A55D3D00FE54B6 /* SVProgressHUD+DGActivityIndicatorView.h */,
			);
			path = "SVP+";
			sourceTree = "<group>";
		};
/* End PBXGroup section */

/* Begin PBXNativeTarget section */
		EA891EB02186FB67008AFD21 /* Axc Secretary */ = {
			isa = PBXNativeTarget;
			buildConfigurationList = EA891EDD2186FB68008AFD21 /* Build configuration list for PBXNativeTarget "Axc Secretary" */;
			buildPhases = (
				E4E3517BD60890FB93A1739B /* [CP] Check Pods Manifest.lock */,
				EA891EAD2186FB67008AFD21 /* Sources */,
				EA891EAE2186FB67008AFD21 /* Frameworks */,
				EA891EAF2186FB67008AFD21 /* Resources */,
				F05B56834087893476BE1376 /* [CP] Copy Pods Resources */,
			);
			buildRules = (
			);
			dependencies = (
			);
			name = "Axc Secretary";
			productName = "Axc Secretary";
			productReference = EA891EB12186FB67008AFD21 /* Axc Secretary.app */;
			productType = "com.apple.product-type.application";
		};
		EA891EC82186FB68008AFD21 /* Axc SecretaryTests */ = {
			isa = PBXNativeTarget;
			buildConfigurationList = EA891EE02186FB68008AFD21 /* Build configuration list for PBXNativeTarget "Axc SecretaryTests" */;
			buildPhases = (
				EA891EC52186FB68008AFD21 /* Sources */,
				EA891EC62186FB68008AFD21 /* Frameworks */,
				EA891EC72186FB68008AFD21 /* Resources */,
			);
			buildRules = (
			);
			dependencies = (
				EA891ECB2186FB68008AFD21 /* PBXTargetDependency */,
			);
			name = "Axc SecretaryTests";
			productName = "Axc SecretaryTests";
			productReference = EA891EC92186FB68008AFD21 /* Axc SecretaryTests.xctest */;
			productType = "com.apple.product-type.bundle.unit-test";
		};
		EA891ED32186FB68008AFD21 /* Axc SecretaryUITests */ = {
			isa = PBXNativeTarget;
			buildConfigurationList = EA891EE32186FB68008AFD21 /* Build configuration list for PBXNativeTarget "Axc SecretaryUITests" */;
			buildPhases = (
				EA891ED02186FB68008AFD21 /* Sources */,
				EA891ED12186FB68008AFD21 /* Frameworks */,
				EA891ED22186FB68008AFD21 /* Resources */,
			);
			buildRules = (
			);
			dependencies = (
				EA891ED62186FB68008AFD21 /* PBXTargetDependency */,
			);
			name = "Axc SecretaryUITests";
			productName = "Axc SecretaryUITests";
			productReference = EA891ED42186FB68008AFD21 /* Axc SecretaryUITests.xctest */;
			productType = "com.apple.product-type.bundle.ui-testing";
		};
/* End PBXNativeTarget section */

/* Begin PBXProject section */
		EA891EA92186FB67008AFD21 /* Project object */ = {
			isa = PBXProject;
			attributes = {
				LastUpgradeCheck = 1000;
				ORGANIZATIONNAME = AxcLogo;
				TargetAttributes = {
					EA891EB02186FB67008AFD21 = {
						CreatedOnToolsVersion = 10.0;
					};
					EA891EC82186FB68008AFD21 = {
						CreatedOnToolsVersion = 10.0;
						TestTargetID = EA891EB02186FB67008AFD21;
					};
					EA891ED32186FB68008AFD21 = {
						CreatedOnToolsVersion = 10.0;
						TestTargetID = EA891EB02186FB67008AFD21;
					};
				};
			};
			buildConfigurationList = EA891EAC2186FB67008AFD21 /* Build configuration list for PBXProject "Axc Secretary" */;
			compatibilityVersion = "Xcode 9.3";
			developmentRegion = en;
			hasScannedForEncodings = 0;
			knownRegions = (
				en,
				Base,
			);
			mainGroup = EA891EA82186FB67008AFD21;
			productRefGroup = EA891EB22186FB67008AFD21 /* Products */;
			projectDirPath = "";
			projectRoot = "";
			targets = (
				EA891EB02186FB67008AFD21 /* Axc Secretary */,
				EA891EC82186FB68008AFD21 /* Axc SecretaryTests */,
				EA891ED32186FB68008AFD21 /* Axc SecretaryUITests */,
			);
		};
/* End PBXProject section */

/* Begin PBXResourcesBuildPhase section */
		EA891EAF2186FB67008AFD21 /* Resources */ = {
			isa = PBXResourcesBuildPhase;
			buildActionMask = 2147483647;
			files = (
				EAC1FDF421885877001AC774 /* icon.png in Resources */,
				EA891EC12186FB68008AFD21 /* LaunchScreen.storyboard in Resources */,
				EA2570E021A7DE0200FCF7EE /* SettingCell.xib in Resources */,
				EA2570D521A7D6B000FCF7EE /* AxcTemporarilyDataView.xib in Resources */,
				EAC1FDEF21884C82001AC774 /* Assets.xcassets in Resources */,
				EA891EBC2186FB67008AFD21 /* Main.storyboard in Resources */,
				EA1E435D21995AD300B95CF8 /* TaskCell.xib in Resources */,
			);
			runOnlyForDeploymentPostprocessing = 0;
		};
		EA891EC72186FB68008AFD21 /* Resources */ = {
			isa = PBXResourcesBuildPhase;
			buildActionMask = 2147483647;
			files = (
			);
			runOnlyForDeploymentPostprocessing = 0;
		};
		EA891ED22186FB68008AFD21 /* Resources */ = {
			isa = PBXResourcesBuildPhase;
			buildActionMask = 2147483647;
			files = (
			);
			runOnlyForDeploymentPostprocessing = 0;
		};
/* End PBXResourcesBuildPhase section */

/* Begin PBXShellScriptBuildPhase section */
		E4E3517BD60890FB93A1739B /* [CP] Check Pods Manifest.lock */ = {
			isa = PBXShellScriptBuildPhase;
			buildActionMask = 2147483647;
			files = (
			);
			inputPaths = (
				"${PODS_PODFILE_DIR_PATH}/Podfile.lock",
				"${PODS_ROOT}/Manifest.lock",
			);
			name = "[CP] Check Pods Manifest.lock";
			outputPaths = (
				"$(DERIVED_FILE_DIR)/Pods-Axc Secretary-checkManifestLockResult.txt",
			);
			runOnlyForDeploymentPostprocessing = 0;
			shellPath = /bin/sh;
			shellScript = "diff \"${PODS_PODFILE_DIR_PATH}/Podfile.lock\" \"${PODS_ROOT}/Manifest.lock\" > /dev/null\nif [ $? != 0 ] ; then\n    # print error to STDERR\n    echo \"error: The sandbox is not in sync with the Podfile.lock. Run 'pod install' or update your CocoaPods installation.\" >&2\n    exit 1\nfi\n# This output is used by Xcode 'outputs' to avoid re-running this script phase.\necho \"SUCCESS\" > \"${SCRIPT_OUTPUT_FILE_0}\"\n";
			showEnvVarsInLog = 0;
		};
		F05B56834087893476BE1376 /* [CP] Copy Pods Resources */ = {
			isa = PBXShellScriptBuildPhase;
			buildActionMask = 2147483647;
			files = (
			);
			inputPaths = (
				"${SRCROOT}/Pods/Target Support Files/Pods-Axc Secretary/Pods-Axc Secretary-resources.sh",
				"${PODS_ROOT}/GPUImage/framework/Resources/lookup.png",
				"${PODS_ROOT}/GPUImage/framework/Resources/lookup_amatorka.png",
				"${PODS_ROOT}/GPUImage/framework/Resources/lookup_miss_etikate.png",
				"${PODS_ROOT}/GPUImage/framework/Resources/lookup_soft_elegance_1.png",
				"${PODS_ROOT}/GPUImage/framework/Resources/lookup_soft_elegance_2.png",
				"${PODS_ROOT}/IQKeyboardManager/IQKeyboardManager/Resources/IQKeyboardManager.bundle",
				"${PODS_ROOT}/LLDebugTool/LLDebugTool/Components/Crash/UserInterface/LLCrashCell.xib",
				"${PODS_ROOT}/LLDebugTool/LLDebugTool/Components/Crash/UserInterface/LLCrashContentCell.xib",
				"${PODS_ROOT}/LLDebugTool/LLDebugTool/Components/General/UserInterface/Controls/LLFilterView/LLFilterLabelCell.xib",
				"${PODS_ROOT}/LLDebugTool/LLDebugTool/Components/General/UserInterface/Controls/LLFilterView/LLFilterTextFieldCell.xib",
				"${PODS_ROOT}/LLDebugTool/LLDebugTool/Components/General/UserInterface/Controls/LLSubTitleTableViewCell/LLSubTitleTableViewCell.xib",
				"${PODS_ROOT}/LLDebugTool/LLDebugTool/Components/Log/UserInterface/LLLogCell.xib",
				"${PODS_ROOT}/LLDebugTool/LLDebugTool/Components/Network/UserInterface/LLNetworkCell.xib",
				"${PODS_ROOT}/LLDebugTool/LLDebugTool/Components/Network/UserInterface/LLNetworkImageCell.xib",
				"${PODS_ROOT}/LLDebugTool/LLDebugTool/Components/Sandbox/UserInterface/LLSandboxCell.xib",
				"${PODS_ROOT}/LLDebugTool/LLDebugTool/Components/General/UserInterface/Resources/LLDebugTool.bundle",
				"${PODS_ROOT}/MJRefresh/MJRefresh/MJRefresh.bundle",
				"${PODS_ROOT}/PSCityPickerView/PSCityPickerViewDemo/PSCityPickerView/city.plist",
				"${PODS_ROOT}/SVProgressHUD/SVProgressHUD/SVProgressHUD.bundle",
				"${PODS_ROOT}/ZLPhotoBrowser/PhotoBrowser/resource/ZLPhotoActionSheet.xib",
				"${PODS_ROOT}/ZLPhotoBrowser/PhotoBrowser/resource/ZLPhotoBrowserCell.xib",
				"${PODS_ROOT}/ZLPhotoBrowser/PhotoBrowser/resource/ZLPhotoBrowser.bundle",
			);
			name = "[CP] Copy Pods Resources";
			outputPaths = (
				"${TARGET_BUILD_DIR}/${UNLOCALIZED_RESOURCES_FOLDER_PATH}/lookup.png",
				"${TARGET_BUILD_DIR}/${UNLOCALIZED_RESOURCES_FOLDER_PATH}/lookup_amatorka.png",
				"${TARGET_BUILD_DIR}/${UNLOCALIZED_RESOURCES_FOLDER_PATH}/lookup_miss_etikate.png",
				"${TARGET_BUILD_DIR}/${UNLOCALIZED_RESOURCES_FOLDER_PATH}/lookup_soft_elegance_1.png",
				"${TARGET_BUILD_DIR}/${UNLOCALIZED_RESOURCES_FOLDER_PATH}/lookup_soft_elegance_2.png",
				"${TARGET_BUILD_DIR}/${UNLOCALIZED_RESOURCES_FOLDER_PATH}/IQKeyboardManager.bundle",
				"${TARGET_BUILD_DIR}/${UNLOCALIZED_RESOURCES_FOLDER_PATH}/LLCrashCell.nib",
				"${TARGET_BUILD_DIR}/${UNLOCALIZED_RESOURCES_FOLDER_PATH}/LLCrashContentCell.nib",
				"${TARGET_BUILD_DIR}/${UNLOCALIZED_RESOURCES_FOLDER_PATH}/LLFilterLabelCell.nib",
				"${TARGET_BUILD_DIR}/${UNLOCALIZED_RESOURCES_FOLDER_PATH}/LLFilterTextFieldCell.nib",
				"${TARGET_BUILD_DIR}/${UNLOCALIZED_RESOURCES_FOLDER_PATH}/LLSubTitleTableViewCell.nib",
				"${TARGET_BUILD_DIR}/${UNLOCALIZED_RESOURCES_FOLDER_PATH}/LLLogCell.nib",
				"${TARGET_BUILD_DIR}/${UNLOCALIZED_RESOURCES_FOLDER_PATH}/LLNetworkCell.nib",
				"${TARGET_BUILD_DIR}/${UNLOCALIZED_RESOURCES_FOLDER_PATH}/LLNetworkImageCell.nib",
				"${TARGET_BUILD_DIR}/${UNLOCALIZED_RESOURCES_FOLDER_PATH}/LLSandboxCell.nib",
				"${TARGET_BUILD_DIR}/${UNLOCALIZED_RESOURCES_FOLDER_PATH}/LLDebugTool.bundle",
				"${TARGET_BUILD_DIR}/${UNLOCALIZED_RESOURCES_FOLDER_PATH}/MJRefresh.bundle",
				"${TARGET_BUILD_DIR}/${UNLOCALIZED_RESOURCES_FOLDER_PATH}/city.plist",
				"${TARGET_BUILD_DIR}/${UNLOCALIZED_RESOURCES_FOLDER_PATH}/SVProgressHUD.bundle",
				"${TARGET_BUILD_DIR}/${UNLOCALIZED_RESOURCES_FOLDER_PATH}/ZLPhotoActionSheet.nib",
				"${TARGET_BUILD_DIR}/${UNLOCALIZED_RESOURCES_FOLDER_PATH}/ZLPhotoBrowserCell.nib",
				"${TARGET_BUILD_DIR}/${UNLOCALIZED_RESOURCES_FOLDER_PATH}/ZLPhotoBrowser.bundle",
			);
			runOnlyForDeploymentPostprocessing = 0;
			shellPath = /bin/sh;
			shellScript = "\"${SRCROOT}/Pods/Target Support Files/Pods-Axc Secretary/Pods-Axc Secretary-resources.sh\"\n";
			showEnvVarsInLog = 0;
		};
/* End PBXShellScriptBuildPhase section */

/* Begin PBXSourcesBuildPhase section */
		EA891EAD2186FB67008AFD21 /* Sources */ = {
			isa = PBXSourcesBuildPhase;
			buildActionMask = 2147483647;
			files = (
				EA5FEEB721ABDC5700405C28 /* AppDelegate+AxcThemeManager_Ex.m in Sources */,
				EAADC2D82187F4250043BB9D /* NSString+AxcRegularEx.m in Sources */,
				EAADC2D22187F4250043BB9D /* NSObject+AxcBasicSuitIndexPath.m in Sources */,
				EAADC2DF2187F4250043BB9D /* UIColor+AxcColorEx.m in Sources */,
				EAADC2E92187F4250043BB9D /* UILabel+AxcCopyable.m in Sources */,
				EA8443CE2196B5740054BC20 /* UITableView+AxcEmptyData.m in Sources */,
				EAADC2E82187F4250043BB9D /* UIGestureRecognizer+AxcActionBlockEx.m in Sources */,
				EAC1FDE3218840D3001AC774 /* MyItemsVC.m in Sources */,
				EAADC2CE2187F4250043BB9D /* NSDictionary+AxcDataConversionEx.m in Sources */,
				EAADC2EC2187F4250043BB9D /* UIImage+AxcTransfromZoom.m in Sources */,
				EAADC2E72187F4250043BB9D /* UIViewController+AxcVCBackButtonEvent.m in Sources */,
				EAC1FDE9218840F7001AC774 /* AlbumSafeVC.m in Sources */,
				EAADC2CC2187F4250043BB9D /* AxcParameterObj.m in Sources */,
				EAADC2ED2187F4250043BB9D /* UIImage+AxcSpecialEffectsDrawing.m in Sources */,
				EAADC2DD2187F4250043BB9D /* NSArray+AxcDataConversionEx.m in Sources */,
				EA0B110C21A2554900340FEA /* AxcDBManager.m in Sources */,
				EAADC2F02187F4250043BB9D /* AxcDataCache.m in Sources */,
				EAADC2E02187F4250043BB9D /* UIButton+AxcButtonContentLayout.m in Sources */,
				EAC1FDED21884238001AC774 /* AxcNavVC.m in Sources */,
				EAADC2D72187F4250043BB9D /* NSString+Axc_MD5_Ex.m in Sources */,
				EAADC2E52187F4250043BB9D /* UIView+AxcViewAppearanceEx.m in Sources */,
				EA2570E421A7ECD400FCF7EE /* AppDelegate+LLDebug_Ex.m in Sources */,
				EAADC2D62187F4250043BB9D /* NSString+AxcTextCalculation.m in Sources */,
				EAADC2F92187F4C40043BB9D /* BaseTabbarVC.m in Sources */,
				EAADC2EF2187F4250043BB9D /* AxcTouchManager.m in Sources */,
				EA891EB92186FB67008AFD21 /* ViewController.m in Sources */,
				EAC1FDE0218840A8001AC774 /* MyTaskVC.m in Sources */,
				EAADC2EB2187F4250043BB9D /* UIImage+AxcQRCode.m in Sources */,
				EA2570E721A7F49900FCF7EE /* AddTaskVC.m in Sources */,
				EA2570D621A7D6B000FCF7EE /* AxcTemporarilyDataView.m in Sources */,
				EAADC2E32187F4250043BB9D /* UIView+AxcViewRectEx.m in Sources */,
				EAF898BD21A55D3D00FE54B6 /* SVProgressHUD+DGActivityIndicatorView.m in Sources */,
				EAADC2D02187F4250043BB9D /* NSDate+AxcProcessingEx.m in Sources */,
				EAADC2D32187F4250043BB9D /* NSObject+AxcBasicSuitObjectEx.m in Sources */,
				EA1E435021995A9500B95CF8 /* AxcBaseModel.m in Sources */,
				EAADC2DE2187F4250043BB9D /* UITextField+AxcPlaceholderLabelEx.m in Sources */,
				EAADC2E12187F4250043BB9D /* UIButton+AxcButtonCountDown.m in Sources */,
				EAADC2F52187F4490043BB9D /* AxcBaseAppVC.m in Sources */,
				EAADC2CF2187F4250043BB9D /* NSDate+AxcDateArithmeticEx.m in Sources */,
				EAADC2DC2187F4250043BB9D /* NSData+AxcDataConversionEx.m in Sources */,
				EA2570DF21A7DE0200FCF7EE /* SettingCell.m in Sources */,
				EAADC2D52187F4250043BB9D /* NSString+AxcStringIsReasonable.m in Sources */,
				EAADC2E22187F4250043BB9D /* UIView+AxcGetSuperVC.m in Sources */,
				EA5FEEB321ABDAA200405C28 /* AxcThemeManager.m in Sources */,
				EAADC2D92187F4250043BB9D /* NSString+AxcReplaceRichText.m in Sources */,
				EAADC2EA2187F4250043BB9D /* UIImage+AxcImageRotating.m in Sources */,
				EA1E435321995AA900B95CF8 /* TaskModel.m in Sources */,
				EA2570DA21A7DD9200FCF7EE /* SettingModel.m in Sources */,
				EA891EC42186FB68008AFD21 /* main.m in Sources */,
				EA8443D12196B57E0054BC20 /* UICollectionView+AxcEmptyData.m in Sources */,
				EA444648219680A700D387DA /* UISearchBar+AxcTextFieldEx.m in Sources */,
				EA5FEEBF21ABF58000405C28 /* AppDelegate+Axc3DTouch_Ex.m in Sources */,
				EAADC2CD2187F4250043BB9D /* AxcLanguageManagement.m in Sources */,
				EA891EB62186FB67008AFD21 /* AppDelegate.m in Sources */,
				EAC1FDE6218840E5001AC774 /* TrendChartVC.m in Sources */,
				EA2570C721A7912100FCF7EE /* ActivityVC.m in Sources */,
				EAADC2F12187F4250043BB9D /* AxcBaseVC.m in Sources */,
				EAADC2EE2187F4250043BB9D /* AxcCalculateTool.m in Sources */,
				EA5FEEBB21ABE3F600405C28 /* SwitchThemeVC.m in Sources */,
				EA1E435C21995AD300B95CF8 /* TaskCell.m in Sources */,
				EAADC2E62187F4250043BB9D /* UIViewController+AxcVCPushName.m in Sources */,
				EAADC2D42187F4250043BB9D /* NSString+AxcUrlEncode.m in Sources */,
				EAC1FDF221884D13001AC774 /* SettingVC.m in Sources */,
				EA5FEEAE21ABCCC500405C28 /* AppDelegate+SVProgressHUD_Ex.m in Sources */,
				EAADC2D12187F4250043BB9D /* NSMutableArray+AxcOperationEx.m in Sources */,
				EAADC2E42187F4250043BB9D /* UIView+AxcScreenshotsViewEx.m in Sources */,
				EAADC2DA2187F4250043BB9D /* NSString+AxcEnumerate.m in Sources */,
				EAADC2DB2187F4250043BB9D /* NSString+AxcDataConversionEx.m in Sources */,
			);
			runOnlyForDeploymentPostprocessing = 0;
		};
		EA891EC52186FB68008AFD21 /* Sources */ = {
			isa = PBXSourcesBuildPhase;
			buildActionMask = 2147483647;
			files = (
				EA891ECE2186FB68008AFD21 /* Axc_SecretaryTests.m in Sources */,
			);
			runOnlyForDeploymentPostprocessing = 0;
		};
		EA891ED02186FB68008AFD21 /* Sources */ = {
			isa = PBXSourcesBuildPhase;
			buildActionMask = 2147483647;
			files = (
				EA891ED92186FB68008AFD21 /* Axc_SecretaryUITests.m in Sources */,
			);
			runOnlyForDeploymentPostprocessing = 0;
		};
/* End PBXSourcesBuildPhase section */

/* Begin PBXTargetDependency section */
		EA891ECB2186FB68008AFD21 /* PBXTargetDependency */ = {
			isa = PBXTargetDependency;
			target = EA891EB02186FB67008AFD21 /* Axc Secretary */;
			targetProxy = EA891ECA2186FB68008AFD21 /* PBXContainerItemProxy */;
		};
		EA891ED62186FB68008AFD21 /* PBXTargetDependency */ = {
			isa = PBXTargetDependency;
			target = EA891EB02186FB67008AFD21 /* Axc Secretary */;
			targetProxy = EA891ED52186FB68008AFD21 /* PBXContainerItemProxy */;
		};
/* End PBXTargetDependency section */

/* Begin PBXVariantGroup section */
		EA891EBA2186FB67008AFD21 /* Main.storyboard */ = {
			isa = PBXVariantGroup;
			children = (
				EA891EBB2186FB67008AFD21 /* Base */,
			);
			name = Main.storyboard;
			sourceTree = "<group>";
		};
		EA891EBF2186FB68008AFD21 /* LaunchScreen.storyboard */ = {
			isa = PBXVariantGroup;
			children = (
				EA891EC02186FB68008AFD21 /* Base */,
			);
			name = LaunchScreen.storyboard;
			sourceTree = "<group>";
		};
/* End PBXVariantGroup section */

/* Begin XCBuildConfiguration section */
		EA891EDB2186FB68008AFD21 /* Debug */ = {
			isa = XCBuildConfiguration;
			buildSettings = {
				ALWAYS_SEARCH_USER_PATHS = NO;
				CLANG_ANALYZER_NONNULL = YES;
				CLANG_ANALYZER_NUMBER_OBJECT_CONVERSION = YES_AGGRESSIVE;
				CLANG_CXX_LANGUAGE_STANDARD = "gnu++14";
				CLANG_CXX_LIBRARY = "libc++";
				CLANG_ENABLE_MODULES = YES;
				CLANG_ENABLE_OBJC_ARC = YES;
				CLANG_ENABLE_OBJC_WEAK = YES;
				CLANG_WARN_BLOCK_CAPTURE_AUTORELEASING = YES;
				CLANG_WARN_BOOL_CONVERSION = YES;
				CLANG_WARN_COMMA = YES;
				CLANG_WARN_CONSTANT_CONVERSION = YES;
				CLANG_WARN_DEPRECATED_OBJC_IMPLEMENTATIONS = YES;
				CLANG_WARN_DIRECT_OBJC_ISA_USAGE = YES_ERROR;
				CLANG_WARN_DOCUMENTATION_COMMENTS = YES;
				CLANG_WARN_EMPTY_BODY = YES;
				CLANG_WARN_ENUM_CONVERSION = YES;
				CLANG_WARN_INFINITE_RECURSION = YES;
				CLANG_WARN_INT_CONVERSION = YES;
				CLANG_WARN_NON_LITERAL_NULL_CONVERSION = YES;
				CLANG_WARN_OBJC_IMPLICIT_RETAIN_SELF = YES;
				CLANG_WARN_OBJC_LITERAL_CONVERSION = YES;
				CLANG_WARN_OBJC_ROOT_CLASS = YES_ERROR;
				CLANG_WARN_RANGE_LOOP_ANALYSIS = YES;
				CLANG_WARN_STRICT_PROTOTYPES = YES;
				CLANG_WARN_SUSPICIOUS_MOVE = YES;
				CLANG_WARN_UNGUARDED_AVAILABILITY = YES_AGGRESSIVE;
				CLANG_WARN_UNREACHABLE_CODE = YES;
				CLANG_WARN__DUPLICATE_METHOD_MATCH = YES;
				CODE_SIGN_IDENTITY = "iPhone Developer";
				COPY_PHASE_STRIP = NO;
				DEBUG_INFORMATION_FORMAT = dwarf;
				ENABLE_STRICT_OBJC_MSGSEND = YES;
				ENABLE_TESTABILITY = YES;
				GCC_C_LANGUAGE_STANDARD = gnu11;
				GCC_DYNAMIC_NO_PIC = NO;
				GCC_NO_COMMON_BLOCKS = YES;
				GCC_OPTIMIZATION_LEVEL = 0;
				GCC_PREPROCESSOR_DEFINITIONS = (
					"DEBUG=1",
					"$(inherited)",
				);
				GCC_WARN_64_TO_32_BIT_CONVERSION = YES;
				GCC_WARN_ABOUT_RETURN_TYPE = YES_ERROR;
				GCC_WARN_UNDECLARED_SELECTOR = YES;
				GCC_WARN_UNINITIALIZED_AUTOS = YES_AGGRESSIVE;
				GCC_WARN_UNUSED_FUNCTION = YES;
				GCC_WARN_UNUSED_VARIABLE = YES;
				IPHONEOS_DEPLOYMENT_TARGET = 12.0;
				MTL_ENABLE_DEBUG_INFO = INCLUDE_SOURCE;
				MTL_FAST_MATH = YES;
				ONLY_ACTIVE_ARCH = YES;
				SDKROOT = iphoneos;
			};
			name = Debug;
		};
		EA891EDC2186FB68008AFD21 /* Release */ = {
			isa = XCBuildConfiguration;
			buildSettings = {
				ALWAYS_SEARCH_USER_PATHS = NO;
				CLANG_ANALYZER_NONNULL = YES;
				CLANG_ANALYZER_NUMBER_OBJECT_CONVERSION = YES_AGGRESSIVE;
				CLANG_CXX_LANGUAGE_STANDARD = "gnu++14";
				CLANG_CXX_LIBRARY = "libc++";
				CLANG_ENABLE_MODULES = YES;
				CLANG_ENABLE_OBJC_ARC = YES;
				CLANG_ENABLE_OBJC_WEAK = YES;
				CLANG_WARN_BLOCK_CAPTURE_AUTORELEASING = YES;
				CLANG_WARN_BOOL_CONVERSION = YES;
				CLANG_WARN_COMMA = YES;
				CLANG_WARN_CONSTANT_CONVERSION = YES;
				CLANG_WARN_DEPRECATED_OBJC_IMPLEMENTATIONS = YES;
				CLANG_WARN_DIRECT_OBJC_ISA_USAGE = YES_ERROR;
				CLANG_WARN_DOCUMENTATION_COMMENTS = YES;
				CLANG_WARN_EMPTY_BODY = YES;
				CLANG_WARN_ENUM_CONVERSION = YES;
				CLANG_WARN_INFINITE_RECURSION = YES;
				CLANG_WARN_INT_CONVERSION = YES;
				CLANG_WARN_NON_LITERAL_NULL_CONVERSION = YES;
				CLANG_WARN_OBJC_IMPLICIT_RETAIN_SELF = YES;
				CLANG_WARN_OBJC_LITERAL_CONVERSION = YES;
				CLANG_WARN_OBJC_ROOT_CLASS = YES_ERROR;
				CLANG_WARN_RANGE_LOOP_ANALYSIS = YES;
				CLANG_WARN_STRICT_PROTOTYPES = YES;
				CLANG_WARN_SUSPICIOUS_MOVE = YES;
				CLANG_WARN_UNGUARDED_AVAILABILITY = YES_AGGRESSIVE;
				CLANG_WARN_UNREACHABLE_CODE = YES;
				CLANG_WARN__DUPLICATE_METHOD_MATCH = YES;
				CODE_SIGN_IDENTITY = "iPhone Developer";
				COPY_PHASE_STRIP = NO;
				DEBUG_INFORMATION_FORMAT = "dwarf-with-dsym";
				ENABLE_NS_ASSERTIONS = NO;
				ENABLE_STRICT_OBJC_MSGSEND = YES;
				GCC_C_LANGUAGE_STANDARD = gnu11;
				GCC_NO_COMMON_BLOCKS = YES;
				GCC_WARN_64_TO_32_BIT_CONVERSION = YES;
				GCC_WARN_ABOUT_RETURN_TYPE = YES_ERROR;
				GCC_WARN_UNDECLARED_SELECTOR = YES;
				GCC_WARN_UNINITIALIZED_AUTOS = YES_AGGRESSIVE;
				GCC_WARN_UNUSED_FUNCTION = YES;
				GCC_WARN_UNUSED_VARIABLE = YES;
				IPHONEOS_DEPLOYMENT_TARGET = 12.0;
				MTL_ENABLE_DEBUG_INFO = NO;
				MTL_FAST_MATH = YES;
				SDKROOT = iphoneos;
				VALIDATE_PRODUCT = YES;
			};
			name = Release;
		};
		EA891EDE2186FB68008AFD21 /* Debug */ = {
			isa = XCBuildConfiguration;
			baseConfigurationReference = 7FB384BC73673694CC99A1B5 /* Pods-Axc Secretary.debug.xcconfig */;
			buildSettings = {
				ASSETCATALOG_COMPILER_APPICON_NAME = AppIcon;
				CODE_SIGN_STYLE = Automatic;
				DEVELOPMENT_TEAM = 5R4T3ZJXKR;
				GCC_PREFIX_HEADER = "Axc Secretary/PrefixHeader.pch";
				INFOPLIST_FILE = "Axc Secretary/Info.plist";
				LD_RUNPATH_SEARCH_PATHS = (
					"$(inherited)",
					"@executable_path/Frameworks",
				);
				PRODUCT_BUNDLE_IDENTIFIER = "AxcLogoCreate.Axc-Secretary";
				PRODUCT_NAME = "$(TARGET_NAME)";
				TARGETED_DEVICE_FAMILY = "1,2";
			};
			name = Debug;
		};
		EA891EDF2186FB68008AFD21 /* Release */ = {
			isa = XCBuildConfiguration;
			baseConfigurationReference = FF841F8DBA0445B1969BC6A0 /* Pods-Axc Secretary.release.xcconfig */;
			buildSettings = {
				ASSETCATALOG_COMPILER_APPICON_NAME = AppIcon;
				CODE_SIGN_STYLE = Automatic;
				DEVELOPMENT_TEAM = 5R4T3ZJXKR;
				GCC_PREFIX_HEADER = "Axc Secretary/PrefixHeader.pch";
				INFOPLIST_FILE = "Axc Secretary/Info.plist";
				LD_RUNPATH_SEARCH_PATHS = (
					"$(inherited)",
					"@executable_path/Frameworks",
				);
				PRODUCT_BUNDLE_IDENTIFIER = "AxcLogoCreate.Axc-Secretary";
				PRODUCT_NAME = "$(TARGET_NAME)";
				TARGETED_DEVICE_FAMILY = "1,2";
			};
			name = Release;
		};
		EA891EE12186FB68008AFD21 /* Debug */ = {
			isa = XCBuildConfiguration;
			buildSettings = {
				BUNDLE_LOADER = "$(TEST_HOST)";
				CODE_SIGN_STYLE = Automatic;
				INFOPLIST_FILE = "Axc SecretaryTests/Info.plist";
				LD_RUNPATH_SEARCH_PATHS = (
					"$(inherited)",
					"@executable_path/Frameworks",
					"@loader_path/Frameworks",
				);
				PRODUCT_BUNDLE_IDENTIFIER = "AxcLogoCreate.Axc-SecretaryTests";
				PRODUCT_NAME = "$(TARGET_NAME)";
				TARGETED_DEVICE_FAMILY = "1,2";
				TEST_HOST = "$(BUILT_PRODUCTS_DIR)/Axc Secretary.app/Axc Secretary";
			};
			name = Debug;
		};
		EA891EE22186FB68008AFD21 /* Release */ = {
			isa = XCBuildConfiguration;
			buildSettings = {
				BUNDLE_LOADER = "$(TEST_HOST)";
				CODE_SIGN_STYLE = Automatic;
				INFOPLIST_FILE = "Axc SecretaryTests/Info.plist";
				LD_RUNPATH_SEARCH_PATHS = (
					"$(inherited)",
					"@executable_path/Frameworks",
					"@loader_path/Frameworks",
				);
				PRODUCT_BUNDLE_IDENTIFIER = "AxcLogoCreate.Axc-SecretaryTests";
				PRODUCT_NAME = "$(TARGET_NAME)";
				TARGETED_DEVICE_FAMILY = "1,2";
				TEST_HOST = "$(BUILT_PRODUCTS_DIR)/Axc Secretary.app/Axc Secretary";
			};
			name = Release;
		};
		EA891EE42186FB68008AFD21 /* Debug */ = {
			isa = XCBuildConfiguration;
			buildSettings = {
				CODE_SIGN_STYLE = Automatic;
				INFOPLIST_FILE = "Axc SecretaryUITests/Info.plist";
				LD_RUNPATH_SEARCH_PATHS = (
					"$(inherited)",
					"@executable_path/Frameworks",
					"@loader_path/Frameworks",
				);
				PRODUCT_BUNDLE_IDENTIFIER = "AxcLogoCreate.Axc-SecretaryUITests";
				PRODUCT_NAME = "$(TARGET_NAME)";
				TARGETED_DEVICE_FAMILY = "1,2";
				TEST_TARGET_NAME = "Axc Secretary";
			};
			name = Debug;
		};
		EA891EE52186FB68008AFD21 /* Release */ = {
			isa = XCBuildConfiguration;
			buildSettings = {
				CODE_SIGN_STYLE = Automatic;
				INFOPLIST_FILE = "Axc SecretaryUITests/Info.plist";
				LD_RUNPATH_SEARCH_PATHS = (
					"$(inherited)",
					"@executable_path/Frameworks",
					"@loader_path/Frameworks",
				);
				PRODUCT_BUNDLE_IDENTIFIER = "AxcLogoCreate.Axc-SecretaryUITests";
				PRODUCT_NAME = "$(TARGET_NAME)";
				TARGETED_DEVICE_FAMILY = "1,2";
				TEST_TARGET_NAME = "Axc Secretary";
			};
			name = Release;
		};
/* End XCBuildConfiguration section */

/* Begin XCConfigurationList section */
		EA891EAC2186FB67008AFD21 /* Build configuration list for PBXProject "Axc Secretary" */ = {
			isa = XCConfigurationList;
			buildConfigurations = (
				EA891EDB2186FB68008AFD21 /* Debug */,
				EA891EDC2186FB68008AFD21 /* Release */,
			);
			defaultConfigurationIsVisible = 0;
			defaultConfigurationName = Release;
		};
		EA891EDD2186FB68008AFD21 /* Build configuration list for PBXNativeTarget "Axc Secretary" */ = {
			isa = XCConfigurationList;
			buildConfigurations = (
				EA891EDE2186FB68008AFD21 /* Debug */,
				EA891EDF2186FB68008AFD21 /* Release */,
			);
			defaultConfigurationIsVisible = 0;
			defaultConfigurationName = Release;
		};
		EA891EE02186FB68008AFD21 /* Build configuration list for PBXNativeTarget "Axc SecretaryTests" */ = {
			isa = XCConfigurationList;
			buildConfigurations = (
				EA891EE12186FB68008AFD21 /* Debug */,
				EA891EE22186FB68008AFD21 /* Release */,
			);
			defaultConfigurationIsVisible = 0;
			defaultConfigurationName = Release;
		};
		EA891EE32186FB68008AFD21 /* Build configuration list for PBXNativeTarget "Axc SecretaryUITests" */ = {
			isa = XCConfigurationList;
			buildConfigurations = (
				EA891EE42186FB68008AFD21 /* Debug */,
				EA891EE52186FB68008AFD21 /* Release */,
			);
			defaultConfigurationIsVisible = 0;
			defaultConfigurationName = Release;
		};
/* End XCConfigurationList section */
	};
	rootObject = EA891EA92186FB67008AFD21 /* Project object */;
}
